// !$*UTF8*$!
{
	archiveVersion = 1;
	classes = {
	};
	objectVersion = 50;
	objects = {

/* Begin PBXBuildFile section */
		275299192117F72900DD0403 /* GJScreenRecorder.h in Headers */ = {isa = PBXBuildFile; fileRef = 275299172117F72900DD0403 /* GJScreenRecorder.h */; };
		2752991A2117F72900DD0403 /* GJScreenRecorder.m in Sources */ = {isa = PBXBuildFile; fileRef = 275299182117F72900DD0403 /* GJScreenRecorder.m */; };
		275299B6211822BE00DD0403 /* liblibQueue.a in Frameworks */ = {isa = PBXBuildFile; fileRef = 2752996B211820E800DD0403 /* liblibQueue.a */; };
		275299BE21182EA600DD0403 /* GJPlatformHeader.h in Headers */ = {isa = PBXBuildFile; fileRef = 275299BD21182EA600DD0403 /* GJPlatformHeader.h */; settings = {ATTRIBUTES = (Public, ); }; };
		275299C12118328D00DD0403 /* GJLog.c in Sources */ = {isa = PBXBuildFile; fileRef = 275299BF2118328B00DD0403 /* GJLog.c */; };
		275299C22118328D00DD0403 /* GJLog.h in Headers */ = {isa = PBXBuildFile; fileRef = 275299C02118328D00DD0403 /* GJLog.h */; settings = {ATTRIBUTES = (Public, ); }; };
		275299C5211832EA00DD0403 /* GTime.c in Sources */ = {isa = PBXBuildFile; fileRef = 275299C3211832E800DD0403 /* GTime.c */; };
		275299C6211832EA00DD0403 /* GTime.h in Headers */ = {isa = PBXBuildFile; fileRef = 275299C4211832EA00DD0403 /* GTime.h */; };
		279AC7BB2117EA0900F5FD7C /* GJLiveEngine.h in Headers */ = {isa = PBXBuildFile; fileRef = 279AC6EA2117EA0900F5FD7C /* GJLiveEngine.h */; settings = {ATTRIBUTES = (Public, ); }; };
		279AC7BF2117EA0900F5FD7C /* Version.h in Headers */ = {isa = PBXBuildFile; fileRef = 279AC6EF2117EA0900F5FD7C /* Version.h */; };
		279AC7C42117EA0900F5FD7C /* GJLiveDefine.h in Headers */ = {isa = PBXBuildFile; fileRef = 279AC6F42117EA0900F5FD7C /* GJLiveDefine.h */; settings = {ATTRIBUTES = (Public, ); }; };
		279AC7C92117EA0900F5FD7C /* GJLiveDefine+internal.c in Sources */ = {isa = PBXBuildFile; fileRef = 279AC6F92117EA0900F5FD7C /* GJLiveDefine+internal.c */; };
		279AC7CA2117EA0900F5FD7C /* FFAudioDecoder.h in Headers */ = {isa = PBXBuildFile; fileRef = 279AC6FB2117EA0900F5FD7C /* FFAudioDecoder.h */; };
		279AC7CB2117EA0900F5FD7C /* IOS_AudioProduce.m in Sources */ = {isa = PBXBuildFile; fileRef = 279AC6FC2117EA0900F5FD7C /* IOS_AudioProduce.m */; };
		279AC7CC2117EA0900F5FD7C /* IOS_Recoder.h in Headers */ = {isa = PBXBuildFile; fileRef = 279AC6FD2117EA0900F5FD7C /* IOS_Recoder.h */; };
		279AC7CD2117EA0A00F5FD7C /* IOS_AudioDrivePlayer.h in Headers */ = {isa = PBXBuildFile; fileRef = 279AC6FE2117EA0900F5FD7C /* IOS_AudioDrivePlayer.h */; };
		279AC7CE2117EA0A00F5FD7C /* IOS_VideoProduce.h in Headers */ = {isa = PBXBuildFile; fileRef = 279AC6FF2117EA0900F5FD7C /* IOS_VideoProduce.h */; };
		279AC7CF2117EA0A00F5FD7C /* FFVideoDecoder.m in Sources */ = {isa = PBXBuildFile; fileRef = 279AC7002117EA0900F5FD7C /* FFVideoDecoder.m */; };
		279AC7D02117EA0A00F5FD7C /* IOS_RAOPPlay.m in Sources */ = {isa = PBXBuildFile; fileRef = 279AC7012117EA0900F5FD7C /* IOS_RAOPPlay.m */; };
		279AC7D12117EA0A00F5FD7C /* IOS_PictureDisplay.m in Sources */ = {isa = PBXBuildFile; fileRef = 279AC7022117EA0900F5FD7C /* IOS_PictureDisplay.m */; };
		279AC7D32117EA0A00F5FD7C /* IOS_AACDecode.h in Headers */ = {isa = PBXBuildFile; fileRef = 279AC7042117EA0900F5FD7C /* IOS_AACDecode.h */; };
		279AC7D42117EA0A00F5FD7C /* IOS_H264Encode.m in Sources */ = {isa = PBXBuildFile; fileRef = 279AC7052117EA0900F5FD7C /* IOS_H264Encode.m */; };
		279AC7D52117EA0A00F5FD7C /* IOS_H264Decode.m in Sources */ = {isa = PBXBuildFile; fileRef = 279AC7062117EA0900F5FD7C /* IOS_H264Decode.m */; };
		279AC7D62117EA0A00F5FD7C /* IOS_AACEncode.h in Headers */ = {isa = PBXBuildFile; fileRef = 279AC7072117EA0900F5FD7C /* IOS_AACEncode.h */; };
		279AC7D72117EA0A00F5FD7C /* IOS_Recoder.m in Sources */ = {isa = PBXBuildFile; fileRef = 279AC7082117EA0900F5FD7C /* IOS_Recoder.m */; };
		279AC7D82117EA0A00F5FD7C /* IOS_AudioProduce.h in Headers */ = {isa = PBXBuildFile; fileRef = 279AC7092117EA0900F5FD7C /* IOS_AudioProduce.h */; };
		279AC7D92117EA0A00F5FD7C /* FFAudioDecoder.m in Sources */ = {isa = PBXBuildFile; fileRef = 279AC70A2117EA0900F5FD7C /* FFAudioDecoder.m */; };
		279AC7DA2117EA0A00F5FD7C /* IOS_RAOPPlay.h in Headers */ = {isa = PBXBuildFile; fileRef = 279AC70B2117EA0900F5FD7C /* IOS_RAOPPlay.h */; };
		279AC7DB2117EA0A00F5FD7C /* IOS_PictureDisplay.h in Headers */ = {isa = PBXBuildFile; fileRef = 279AC70C2117EA0900F5FD7C /* IOS_PictureDisplay.h */; };
		279AC7DC2117EA0A00F5FD7C /* FFVideoDecoder.h in Headers */ = {isa = PBXBuildFile; fileRef = 279AC70D2117EA0900F5FD7C /* FFVideoDecoder.h */; };
		279AC7DD2117EA0A00F5FD7C /* IOS_VideoProduce.m in Sources */ = {isa = PBXBuildFile; fileRef = 279AC70E2117EA0900F5FD7C /* IOS_VideoProduce.m */; };
		279AC7DE2117EA0A00F5FD7C /* IOS_AudioDrivePlayer.m in Sources */ = {isa = PBXBuildFile; fileRef = 279AC70F2117EA0900F5FD7C /* IOS_AudioDrivePlayer.m */; };
		279AC7E02117EA0A00F5FD7C /* IOS_AACEncode.m in Sources */ = {isa = PBXBuildFile; fileRef = 279AC7112117EA0900F5FD7C /* IOS_AACEncode.m */; };
		279AC7E12117EA0A00F5FD7C /* IOS_H264Decode.h in Headers */ = {isa = PBXBuildFile; fileRef = 279AC7122117EA0900F5FD7C /* IOS_H264Decode.h */; };
		279AC7E22117EA0A00F5FD7C /* IOS_H264Encode.h in Headers */ = {isa = PBXBuildFile; fileRef = 279AC7132117EA0900F5FD7C /* IOS_H264Encode.h */; };
		279AC7E32117EA0A00F5FD7C /* IOS_AACDecode.m in Sources */ = {isa = PBXBuildFile; fileRef = 279AC7142117EA0900F5FD7C /* IOS_AACDecode.m */; };
		279AC7E82117EA0A00F5FD7C /* GJLive.h in Headers */ = {isa = PBXBuildFile; fileRef = 279AC7192117EA0900F5FD7C /* GJLive.h */; };
		279AC8132117EA0A00F5FD7C /* GJLiveDefine+internal.h in Headers */ = {isa = PBXBuildFile; fileRef = 279AC7452117EA0900F5FD7C /* GJLiveDefine+internal.h */; };
		279AC8452117EA0A00F5FD7C /* GJLivePull.m in Sources */ = {isa = PBXBuildFile; fileRef = 279AC77F2117EA0900F5FD7C /* GJLivePull.m */; };
		279AC8472117EA0A00F5FD7C /* GJH264Decoder.h in Headers */ = {isa = PBXBuildFile; fileRef = 279AC7822117EA0900F5FD7C /* GJH264Decoder.h */; };
		279AC8482117EA0A00F5FD7C /* GJH264Encoder.m in Sources */ = {isa = PBXBuildFile; fileRef = 279AC7832117EA0900F5FD7C /* GJH264Encoder.m */; };
		279AC84A2117EA0A00F5FD7C /* RtmpSendH264.h in Headers */ = {isa = PBXBuildFile; fileRef = 279AC7852117EA0900F5FD7C /* RtmpSendH264.h */; };
		279AC84C2117EA0A00F5FD7C /* GJH264Decoder.m in Sources */ = {isa = PBXBuildFile; fileRef = 279AC7872117EA0900F5FD7C /* GJH264Decoder.m */; };
		279AC84E2117EA0A00F5FD7C /* GJH264Encoder.h in Headers */ = {isa = PBXBuildFile; fileRef = 279AC7892117EA0900F5FD7C /* GJH264Encoder.h */; };
		279AC8502117EA0A00F5FD7C /* AutoLock.h in Headers */ = {isa = PBXBuildFile; fileRef = 279AC78C2117EA0900F5FD7C /* AutoLock.h */; };
		279AC8522117EA0A00F5FD7C /* UncaughtExceptionHandler.h in Headers */ = {isa = PBXBuildFile; fileRef = 279AC78E2117EA0900F5FD7C /* UncaughtExceptionHandler.h */; settings = {ATTRIBUTES = (Public, ); }; };
		279AC8542117EA0A00F5FD7C /* AutoLock.m in Sources */ = {isa = PBXBuildFile; fileRef = 279AC7902117EA0900F5FD7C /* AutoLock.m */; };
		279AC8552117EA0A00F5FD7C /* UncaughtExceptionHandler.m in Sources */ = {isa = PBXBuildFile; fileRef = 279AC7912117EA0900F5FD7C /* UncaughtExceptionHandler.m */; };
		279AC8572117EA0A00F5FD7C /* GJLivePush.h in Headers */ = {isa = PBXBuildFile; fileRef = 279AC7932117EA0900F5FD7C /* GJLivePush.h */; settings = {ATTRIBUTES = (Public, ); }; };
		279AC8592117EA0A00F5FD7C /* GJAudioManager.m in Sources */ = {isa = PBXBuildFile; fileRef = 279AC7962117EA0900F5FD7C /* GJAudioManager.m */; };
		279AC85C2117EA0A00F5FD7C /* AACEncoderFromPCM.h in Headers */ = {isa = PBXBuildFile; fileRef = 279AC7992117EA0900F5FD7C /* AACEncoderFromPCM.h */; };
		279AC85E2117EA0A00F5FD7C /* decoder_alac_apple.m in Sources */ = {isa = PBXBuildFile; fileRef = 279AC79B2117EA0900F5FD7C /* decoder_alac_apple.m */; };
		279AC85F2117EA0A00F5FD7C /* GJAudioQueueDrivePlayer.h in Headers */ = {isa = PBXBuildFile; fileRef = 279AC79C2117EA0900F5FD7C /* GJAudioQueueDrivePlayer.h */; };
		279AC8622117EA0A00F5FD7C /* GJPCMDecodeFromAAC.h in Headers */ = {isa = PBXBuildFile; fileRef = 279AC79F2117EA0900F5FD7C /* GJPCMDecodeFromAAC.h */; };
		279AC8662117EA0A00F5FD7C /* GJAudioManager.h in Headers */ = {isa = PBXBuildFile; fileRef = 279AC7A32117EA0900F5FD7C /* GJAudioManager.h */; };
		279AC8672117EA0A00F5FD7C /* AACEncoderFromPCM.m in Sources */ = {isa = PBXBuildFile; fileRef = 279AC7A42117EA0900F5FD7C /* AACEncoderFromPCM.m */; };
		279AC86B2117EA0A00F5FD7C /* GJAudioQueueDrivePlayer.m in Sources */ = {isa = PBXBuildFile; fileRef = 279AC7A82117EA0900F5FD7C /* GJAudioQueueDrivePlayer.m */; };
		279AC86D2117EA0A00F5FD7C /* AudioPraseStream.h in Headers */ = {isa = PBXBuildFile; fileRef = 279AC7AA2117EA0900F5FD7C /* AudioPraseStream.h */; };
		279AC86F2117EA0A00F5FD7C /* GJPCMDecodeFromAAC.m in Sources */ = {isa = PBXBuildFile; fileRef = 279AC7AC2117EA0900F5FD7C /* GJPCMDecodeFromAAC.m */; };
		279AC8722117EA0A00F5FD7C /* GJLivePull.h in Headers */ = {isa = PBXBuildFile; fileRef = 279AC7AF2117EA0900F5FD7C /* GJLivePull.h */; settings = {ATTRIBUTES = (Public, ); }; };
		279AC8732117EA0A00F5FD7C /* GJLivePush.m in Sources */ = {isa = PBXBuildFile; fileRef = 279AC7B02117EA0900F5FD7C /* GJLivePush.m */; };
		279AC8762117EA0A00F5FD7C /* GJBridgeContext.c in Sources */ = {isa = PBXBuildFile; fileRef = 279AC7B42117EA0900F5FD7C /* GJBridgeContext.c */; };
		279AC8772117EA0A00F5FD7C /* GJBridegContext.h in Headers */ = {isa = PBXBuildFile; fileRef = 279AC7B52117EA0900F5FD7C /* GJBridegContext.h */; };
		279AC8792117EA0A00F5FD7C /* Info.plist in Resources */ = {isa = PBXBuildFile; fileRef = 279AC7BA2117EA0900F5FD7C /* Info.plist */; };
		279AC8A12117EB3D00F5FD7C /* libAirReceive.a in Frameworks */ = {isa = PBXBuildFile; fileRef = 279AC6BB2117E98200F5FD7C /* libAirReceive.a */; };
		279AC8A22117EB3D00F5FD7C /* libAudioEngine.a in Frameworks */ = {isa = PBXBuildFile; fileRef = 279AC6C32117E99300F5FD7C /* libAudioEngine.a */; };
		279AC8A32117EB3D00F5FD7C /* libavcodec.a in Frameworks */ = {isa = PBXBuildFile; fileRef = 279AC6DC2117E9DB00F5FD7C /* libavcodec.a */; };
		279AC8A42117EB3D00F5FD7C /* libavformat.a in Frameworks */ = {isa = PBXBuildFile; fileRef = 279AC6DA2117E9DB00F5FD7C /* libavformat.a */; };
		279AC8A52117EB3D00F5FD7C /* libavutil.a in Frameworks */ = {isa = PBXBuildFile; fileRef = 279AC6E42117E9DB00F5FD7C /* libavutil.a */; };
		279AC8A62117EB3D00F5FD7C /* libGJImageFilters.a in Frameworks */ = {isa = PBXBuildFile; fileRef = 279AC8832117EA6800F5FD7C /* libGJImageFilters.a */; };
		279AC8B22117F0A200F5FD7C /* GJStreamPull.h in Headers */ = {isa = PBXBuildFile; fileRef = 279AC8A92117F0A200F5FD7C /* GJStreamPull.h */; };
		279AC8B42117F0A200F5FD7C /* GJLivePlayer.h in Headers */ = {isa = PBXBuildFile; fileRef = 279AC8AB2117F0A200F5FD7C /* GJLivePlayer.h */; };
		279AC8B52117F0A200F5FD7C /* GJLivePullContext.c in Sources */ = {isa = PBXBuildFile; fileRef = 279AC8AC2117F0A200F5FD7C /* GJLivePullContext.c */; };
		279AC8B62117F0A200F5FD7C /* GJFFmpegPull.c in Sources */ = {isa = PBXBuildFile; fileRef = 279AC8AD2117F0A200F5FD7C /* GJFFmpegPull.c */; };
		279AC8B82117F0A200F5FD7C /* GJLivePullContext.h in Headers */ = {isa = PBXBuildFile; fileRef = 279AC8AF2117F0A200F5FD7C /* GJLivePullContext.h */; };
		279AC8B92117F0A200F5FD7C /* GJLivePlayer.c in Sources */ = {isa = PBXBuildFile; fileRef = 279AC8B02117F0A200F5FD7C /* GJLivePlayer.c */; };
		279AC8C32117F0AA00F5FD7C /* GJLivePushContext.h in Headers */ = {isa = PBXBuildFile; fileRef = 279AC8BC2117F0AA00F5FD7C /* GJLivePushContext.h */; };
		279AC8C52117F0AA00F5FD7C /* GJFFmpegPush.c in Sources */ = {isa = PBXBuildFile; fileRef = 279AC8BE2117F0AA00F5FD7C /* GJFFmpegPush.c */; };
		279AC8C72117F0AA00F5FD7C /* GJLivePushContext.c in Sources */ = {isa = PBXBuildFile; fileRef = 279AC8C02117F0AA00F5FD7C /* GJLivePushContext.c */; };
		279AC8C82117F0AA00F5FD7C /* GJStreamPush.h in Headers */ = {isa = PBXBuildFile; fileRef = 279AC8C12117F0AA00F5FD7C /* GJStreamPush.h */; };
		279AC8F62117F0B200F5FD7C /* GJUtil.h in Headers */ = {isa = PBXBuildFile; fileRef = 279AC8CA2117F0B200F5FD7C /* GJUtil.h */; };
		279AC8F82117F0B200F5FD7C /* GJAudioAlignment.h in Headers */ = {isa = PBXBuildFile; fileRef = 279AC8CC2117F0B200F5FD7C /* GJAudioAlignment.h */; };
		279AC8FB2117F0B200F5FD7C /* GJMessageDispatcher.h in Headers */ = {isa = PBXBuildFile; fileRef = 279AC8CF2117F0B200F5FD7C /* GJMessageDispatcher.h */; };
		279AC8FD2117F0B200F5FD7C /* sps_decode.c in Sources */ = {isa = PBXBuildFile; fileRef = 279AC8D12117F0B200F5FD7C /* sps_decode.c */; };
		279AC9012117F0B200F5FD7C /* GJUtil.c in Sources */ = {isa = PBXBuildFile; fileRef = 279AC8D52117F0B200F5FD7C /* GJUtil.c */; };
		279AC91B2117F0B200F5FD7C /* GJMessageDispatcher.c in Sources */ = {isa = PBXBuildFile; fileRef = 279AC8F02117F0B200F5FD7C /* GJMessageDispatcher.c */; };
		279AC91C2117F0B200F5FD7C /* GJAudioAlignment.c in Sources */ = {isa = PBXBuildFile; fileRef = 279AC8F12117F0B200F5FD7C /* GJAudioAlignment.c */; };
/* End PBXBuildFile section */

/* Begin PBXContainerItemProxy section */
		27529968211820E800DD0403 /* PBXContainerItemProxy */ = {
			isa = PBXContainerItemProxy;
			containerPortal = 27529963211820E800DD0403 /* GJQueue.xcodeproj */;
			proxyType = 2;
			remoteGlobalIDString = C50856801C97EE2A002094FA;
			remoteInfo = GJQueue;
		};
		2752996A211820E800DD0403 /* PBXContainerItemProxy */ = {
			isa = PBXContainerItemProxy;
			containerPortal = 27529963211820E800DD0403 /* GJQueue.xcodeproj */;
			proxyType = 2;
			remoteGlobalIDString = 04300FDA1E13669C0059262A;
			remoteInfo = libQueue;
		};
		279AC6BA2117E98200F5FD7C /* PBXContainerItemProxy */ = {
			isa = PBXContainerItemProxy;
			containerPortal = 279AC6B62117E98200F5FD7C /* AirReceive.xcodeproj */;
			proxyType = 2;
			remoteGlobalIDString = A1D0DC501950378A004717F5;
			remoteInfo = AirReceive;
		};
		279AC6C22117E99300F5FD7C /* PBXContainerItemProxy */ = {
			isa = PBXContainerItemProxy;
			containerPortal = 279AC6BC2117E99300F5FD7C /* AudioEngine.xcodeproj */;
			proxyType = 2;
			remoteGlobalIDString = 4C215CEC1523A7D500D36CAD;
			remoteInfo = AudioEngine;
		};
		279AC6C42117E99300F5FD7C /* PBXContainerItemProxy */ = {
			isa = PBXContainerItemProxy;
			containerPortal = 279AC6BC2117E99300F5FD7C /* AudioEngine.xcodeproj */;
			proxyType = 2;
			remoteGlobalIDString = 7A5687101B54610900243427;
			remoteInfo = "AudioEngine OS X";
		};
		279AC6C62117E99300F5FD7C /* PBXContainerItemProxy */ = {
			isa = PBXContainerItemProxy;
			containerPortal = 279AC6BC2117E99300F5FD7C /* AudioEngine.xcodeproj */;
			proxyType = 2;
			remoteGlobalIDString = 17BB5B401BECD101007A2892;
			remoteInfo = "AudioEngine tvOS";
		};
		279AC6D52117E9DB00F5FD7C /* PBXContainerItemProxy */ = {
			isa = PBXContainerItemProxy;
			containerPortal = 279AC6C82117E9DB00F5FD7C /* ffmpegCode.xcodeproj */;
			proxyType = 2;
			remoteGlobalIDString = C53791C91CF6A4CE00B5CD50;
			remoteInfo = ffmpegCode;
		};
		279AC6D72117E9DB00F5FD7C /* PBXContainerItemProxy */ = {
			isa = PBXContainerItemProxy;
			containerPortal = 279AC6C82117E9DB00F5FD7C /* ffmpegCode.xcodeproj */;
			proxyType = 2;
			remoteGlobalIDString = C52104321D98FE7000DAB2E1;
			remoteInfo = swresample;
		};
		279AC6D92117E9DB00F5FD7C /* PBXContainerItemProxy */ = {
			isa = PBXContainerItemProxy;
			containerPortal = 279AC6C82117E9DB00F5FD7C /* ffmpegCode.xcodeproj */;
			proxyType = 2;
			remoteGlobalIDString = C52104571D9900A800DAB2E1;
			remoteInfo = avformat;
		};
		279AC6DB2117E9DB00F5FD7C /* PBXContainerItemProxy */ = {
			isa = PBXContainerItemProxy;
			containerPortal = 279AC6C82117E9DB00F5FD7C /* ffmpegCode.xcodeproj */;
			proxyType = 2;
			remoteGlobalIDString = C58145551D9E4CF100B9118F;
			remoteInfo = avcodec;
		};
		279AC6DD2117E9DB00F5FD7C /* PBXContainerItemProxy */ = {
			isa = PBXContainerItemProxy;
			containerPortal = 279AC6C82117E9DB00F5FD7C /* ffmpegCode.xcodeproj */;
			proxyType = 2;
			remoteGlobalIDString = C58153931D9E4F1D00B9118F;
			remoteInfo = avdevice;
		};
		279AC6DF2117E9DB00F5FD7C /* PBXContainerItemProxy */ = {
			isa = PBXContainerItemProxy;
			containerPortal = 279AC6C82117E9DB00F5FD7C /* ffmpegCode.xcodeproj */;
			proxyType = 2;
			remoteGlobalIDString = C58153EE1D9E515500B9118F;
			remoteInfo = avfilter;
		};
		279AC6E12117E9DB00F5FD7C /* PBXContainerItemProxy */ = {
			isa = PBXContainerItemProxy;
			containerPortal = 279AC6C82117E9DB00F5FD7C /* ffmpegCode.xcodeproj */;
			proxyType = 2;
			remoteGlobalIDString = C581556D1D9E520600B9118F;
			remoteInfo = avresample;
		};
		279AC6E32117E9DB00F5FD7C /* PBXContainerItemProxy */ = {
			isa = PBXContainerItemProxy;
			containerPortal = 279AC6C82117E9DB00F5FD7C /* ffmpegCode.xcodeproj */;
			proxyType = 2;
			remoteGlobalIDString = C58155AB1D9E52AF00B9118F;
			remoteInfo = avutil;
		};
		279AC6E52117E9DB00F5FD7C /* PBXContainerItemProxy */ = {
			isa = PBXContainerItemProxy;
			containerPortal = 279AC6C82117E9DB00F5FD7C /* ffmpegCode.xcodeproj */;
			proxyType = 2;
			remoteGlobalIDString = C58156EA1D9E531000B9118F;
			remoteInfo = postproc;
		};
		279AC6E72117E9DB00F5FD7C /* PBXContainerItemProxy */ = {
			isa = PBXContainerItemProxy;
			containerPortal = 279AC6C82117E9DB00F5FD7C /* ffmpegCode.xcodeproj */;
			proxyType = 2;
			remoteGlobalIDString = C58157021D9E537800B9118F;
			remoteInfo = swscale;
		};
		279AC8802117EA6800F5FD7C /* PBXContainerItemProxy */ = {
			isa = PBXContainerItemProxy;
			containerPortal = 279AC87A2117EA6800F5FD7C /* GJImage.xcodeproj */;
			proxyType = 2;
			remoteGlobalIDString = 0417FC5E1E5EB0E100D5B5D9;
			remoteInfo = GJImage;
		};
		279AC8822117EA6800F5FD7C /* PBXContainerItemProxy */ = {
			isa = PBXContainerItemProxy;
			containerPortal = 279AC87A2117EA6800F5FD7C /* GJImage.xcodeproj */;
			proxyType = 2;
			remoteGlobalIDString = 0417FCBD1E5EC74E00D5B5D9;
			remoteInfo = GJImageFilters;
		};
		279AC88A2117EA7C00F5FD7C /* PBXContainerItemProxy */ = {
			isa = PBXContainerItemProxy;
			containerPortal = 279AC8842117EA7C00F5FD7C /* kcpTunDemo.xcodeproj */;
			proxyType = 2;
			remoteGlobalIDString = 6A58215F202AAD12002AFF76;
			remoteInfo = kcpTunDemo;
		};
		279AC88C2117EA7C00F5FD7C /* PBXContainerItemProxy */ = {
			isa = PBXContainerItemProxy;
			containerPortal = 279AC8842117EA7C00F5FD7C /* kcpTunDemo.xcodeproj */;
			proxyType = 2;
			remoteGlobalIDString = 6A58217C202AAD2B002AFF76;
			remoteInfo = kcptun;
		};
		279AC8962117EA9000F5FD7C /* PBXContainerItemProxy */ = {
			isa = PBXContainerItemProxy;
			containerPortal = 279AC88E2117EA9000F5FD7C /* RtmpCode.xcodeproj */;
			proxyType = 2;
			remoteGlobalIDString = AE5D85D31DBA0D680092D2A8;
			remoteInfo = RtmpCode;
		};
		279AC8982117EA9000F5FD7C /* PBXContainerItemProxy */ = {
			isa = PBXContainerItemProxy;
			containerPortal = 279AC88E2117EA9000F5FD7C /* RtmpCode.xcodeproj */;
			proxyType = 2;
			remoteGlobalIDString = AE5D85F11DBA0D900092D2A8;
			remoteInfo = rtmp;
		};
		279AC89A2117EA9000F5FD7C /* PBXContainerItemProxy */ = {
			isa = PBXContainerItemProxy;
			containerPortal = 279AC88E2117EA9000F5FD7C /* RtmpCode.xcodeproj */;
			proxyType = 2;
			remoteGlobalIDString = AE5D86171DBA0E3A0092D2A8;
			remoteInfo = openssl;
		};
		279AC89C2117EA9000F5FD7C /* PBXContainerItemProxy */ = {
			isa = PBXContainerItemProxy;
			containerPortal = 279AC88E2117EA9000F5FD7C /* RtmpCode.xcodeproj */;
			proxyType = 2;
			remoteGlobalIDString = AE973AC51DBB614400B5907F;
			remoteInfo = crypto;
		};
		279AC89E2117EA9000F5FD7C /* PBXContainerItemProxy */ = {
			isa = PBXContainerItemProxy;
			containerPortal = 279AC88E2117EA9000F5FD7C /* RtmpCode.xcodeproj */;
			proxyType = 2;
			remoteGlobalIDString = C591E8AE1DC6FF6600BCC938;
			remoteInfo = RtmpServer;
		};
/* End PBXContainerItemProxy section */

/* Begin PBXFileReference section */
		275299172117F72900DD0403 /* GJScreenRecorder.h */ = {isa = PBXFileReference; fileEncoding = 4; lastKnownFileType = sourcecode.c.h; path = GJScreenRecorder.h; sourceTree = "<group>"; };
		275299182117F72900DD0403 /* GJScreenRecorder.m */ = {isa = PBXFileReference; fileEncoding = 4; lastKnownFileType = sourcecode.c.objc; path = GJScreenRecorder.m; sourceTree = "<group>"; };
		27529963211820E800DD0403 /* GJQueue.xcodeproj */ = {isa = PBXFileReference; lastKnownFileType = "wrapper.pb-project"; name = GJQueue.xcodeproj; path = ../../GJQueue/GJQueue.xcodeproj; sourceTree = "<group>"; };
		275299BB21182A8F00DD0403 /* libc++.tbd */ = {isa = PBXFileReference; lastKnownFileType = "sourcecode.text-based-dylib-definition"; name = "libc++.tbd"; path = "usr/lib/libc++.tbd"; sourceTree = SDKROOT; };
		275299BD21182EA600DD0403 /* GJPlatformHeader.h */ = {isa = PBXFileReference; fileEncoding = 4; lastKnownFileType = sourcecode.c.h; path = GJPlatformHeader.h; sourceTree = "<group>"; };
		275299BF2118328B00DD0403 /* GJLog.c */ = {isa = PBXFileReference; fileEncoding = 4; lastKnownFileType = sourcecode.c.c; path = GJLog.c; sourceTree = "<group>"; };
		275299C02118328D00DD0403 /* GJLog.h */ = {isa = PBXFileReference; fileEncoding = 4; lastKnownFileType = sourcecode.c.h; path = GJLog.h; sourceTree = "<group>"; };
		275299C3211832E800DD0403 /* GTime.c */ = {isa = PBXFileReference; fileEncoding = 4; lastKnownFileType = sourcecode.c.c; path = GTime.c; sourceTree = "<group>"; };
		275299C4211832EA00DD0403 /* GTime.h */ = {isa = PBXFileReference; fileEncoding = 4; lastKnownFileType = sourcecode.c.h; path = GTime.h; sourceTree = "<group>"; };
		279AC67F2117E86600F5FD7C /* GJLiveEngine.framework */ = {isa = PBXFileReference; explicitFileType = wrapper.framework; includeInIndex = 0; path = GJLiveEngine.framework; sourceTree = BUILT_PRODUCTS_DIR; };
		279AC6B62117E98200F5FD7C /* AirReceive.xcodeproj */ = {isa = PBXFileReference; lastKnownFileType = "wrapper.pb-project"; name = AirReceive.xcodeproj; path = libairfloat/AirReceive.xcodeproj; sourceTree = "<group>"; };
		279AC6BC2117E99300F5FD7C /* AudioEngine.xcodeproj */ = {isa = PBXFileReference; lastKnownFileType = "wrapper.pb-project"; name = AudioEngine.xcodeproj; path = TheAmazingAudioEngine/AudioEngine.xcodeproj; sourceTree = "<group>"; };
		279AC6C82117E9DB00F5FD7C /* ffmpegCode.xcodeproj */ = {isa = PBXFileReference; lastKnownFileType = "wrapper.pb-project"; name = ffmpegCode.xcodeproj; path = ijk_FFmpeg/ffmpegCode/ffmpegCode.xcodeproj; sourceTree = "<group>"; };
		279AC6EA2117EA0900F5FD7C /* GJLiveEngine.h */ = {isa = PBXFileReference; fileEncoding = 4; lastKnownFileType = sourcecode.c.h; path = GJLiveEngine.h; sourceTree = "<group>"; };
		279AC6EF2117EA0900F5FD7C /* Version.h */ = {isa = PBXFileReference; fileEncoding = 4; lastKnownFileType = sourcecode.c.h; path = Version.h; sourceTree = "<group>"; };
		279AC6F42117EA0900F5FD7C /* GJLiveDefine.h */ = {isa = PBXFileReference; fileEncoding = 4; lastKnownFileType = sourcecode.c.h; path = GJLiveDefine.h; sourceTree = "<group>"; };
		279AC6F92117EA0900F5FD7C /* GJLiveDefine+internal.c */ = {isa = PBXFileReference; fileEncoding = 4; lastKnownFileType = sourcecode.c.c; path = "GJLiveDefine+internal.c"; sourceTree = "<group>"; };
		279AC6FB2117EA0900F5FD7C /* FFAudioDecoder.h */ = {isa = PBXFileReference; fileEncoding = 4; lastKnownFileType = sourcecode.c.h; path = FFAudioDecoder.h; sourceTree = "<group>"; };
		279AC6FC2117EA0900F5FD7C /* IOS_AudioProduce.m */ = {isa = PBXFileReference; fileEncoding = 4; lastKnownFileType = sourcecode.c.objc; path = IOS_AudioProduce.m; sourceTree = "<group>"; };
		279AC6FD2117EA0900F5FD7C /* IOS_Recoder.h */ = {isa = PBXFileReference; fileEncoding = 4; lastKnownFileType = sourcecode.c.h; path = IOS_Recoder.h; sourceTree = "<group>"; };
		279AC6FE2117EA0900F5FD7C /* IOS_AudioDrivePlayer.h */ = {isa = PBXFileReference; fileEncoding = 4; lastKnownFileType = sourcecode.c.h; path = IOS_AudioDrivePlayer.h; sourceTree = "<group>"; };
		279AC6FF2117EA0900F5FD7C /* IOS_VideoProduce.h */ = {isa = PBXFileReference; fileEncoding = 4; lastKnownFileType = sourcecode.c.h; path = IOS_VideoProduce.h; sourceTree = "<group>"; };
		279AC7002117EA0900F5FD7C /* FFVideoDecoder.m */ = {isa = PBXFileReference; fileEncoding = 4; lastKnownFileType = sourcecode.c.objc; path = FFVideoDecoder.m; sourceTree = "<group>"; };
		279AC7012117EA0900F5FD7C /* IOS_RAOPPlay.m */ = {isa = PBXFileReference; fileEncoding = 4; lastKnownFileType = sourcecode.c.objc; path = IOS_RAOPPlay.m; sourceTree = "<group>"; };
		279AC7022117EA0900F5FD7C /* IOS_PictureDisplay.m */ = {isa = PBXFileReference; fileEncoding = 4; lastKnownFileType = sourcecode.c.objc; path = IOS_PictureDisplay.m; sourceTree = "<group>"; };
		279AC7032117EA0900F5FD7C /* FFVideoEncoder.h */ = {isa = PBXFileReference; fileEncoding = 4; lastKnownFileType = sourcecode.c.h; path = FFVideoEncoder.h; sourceTree = "<group>"; };
		279AC7042117EA0900F5FD7C /* IOS_AACDecode.h */ = {isa = PBXFileReference; fileEncoding = 4; lastKnownFileType = sourcecode.c.h; path = IOS_AACDecode.h; sourceTree = "<group>"; };
		279AC7052117EA0900F5FD7C /* IOS_H264Encode.m */ = {isa = PBXFileReference; fileEncoding = 4; lastKnownFileType = sourcecode.c.objc; path = IOS_H264Encode.m; sourceTree = "<group>"; };
		279AC7062117EA0900F5FD7C /* IOS_H264Decode.m */ = {isa = PBXFileReference; fileEncoding = 4; lastKnownFileType = sourcecode.c.objc; path = IOS_H264Decode.m; sourceTree = "<group>"; };
		279AC7072117EA0900F5FD7C /* IOS_AACEncode.h */ = {isa = PBXFileReference; fileEncoding = 4; lastKnownFileType = sourcecode.c.h; path = IOS_AACEncode.h; sourceTree = "<group>"; };
		279AC7082117EA0900F5FD7C /* IOS_Recoder.m */ = {isa = PBXFileReference; fileEncoding = 4; lastKnownFileType = sourcecode.c.objc; path = IOS_Recoder.m; sourceTree = "<group>"; };
		279AC7092117EA0900F5FD7C /* IOS_AudioProduce.h */ = {isa = PBXFileReference; fileEncoding = 4; lastKnownFileType = sourcecode.c.h; path = IOS_AudioProduce.h; sourceTree = "<group>"; };
		279AC70A2117EA0900F5FD7C /* FFAudioDecoder.m */ = {isa = PBXFileReference; fileEncoding = 4; lastKnownFileType = sourcecode.c.objc; path = FFAudioDecoder.m; sourceTree = "<group>"; };
		279AC70B2117EA0900F5FD7C /* IOS_RAOPPlay.h */ = {isa = PBXFileReference; fileEncoding = 4; lastKnownFileType = sourcecode.c.h; path = IOS_RAOPPlay.h; sourceTree = "<group>"; };
		279AC70C2117EA0900F5FD7C /* IOS_PictureDisplay.h */ = {isa = PBXFileReference; fileEncoding = 4; lastKnownFileType = sourcecode.c.h; path = IOS_PictureDisplay.h; sourceTree = "<group>"; };
		279AC70D2117EA0900F5FD7C /* FFVideoDecoder.h */ = {isa = PBXFileReference; fileEncoding = 4; lastKnownFileType = sourcecode.c.h; path = FFVideoDecoder.h; sourceTree = "<group>"; };
		279AC70E2117EA0900F5FD7C /* IOS_VideoProduce.m */ = {isa = PBXFileReference; fileEncoding = 4; lastKnownFileType = sourcecode.c.objc; path = IOS_VideoProduce.m; sourceTree = "<group>"; };
		279AC70F2117EA0900F5FD7C /* IOS_AudioDrivePlayer.m */ = {isa = PBXFileReference; fileEncoding = 4; lastKnownFileType = sourcecode.c.objc; path = IOS_AudioDrivePlayer.m; sourceTree = "<group>"; };
		279AC7102117EA0900F5FD7C /* FFVideoEncoder.c */ = {isa = PBXFileReference; fileEncoding = 4; lastKnownFileType = sourcecode.c.c; path = FFVideoEncoder.c; sourceTree = "<group>"; };
		279AC7112117EA0900F5FD7C /* IOS_AACEncode.m */ = {isa = PBXFileReference; fileEncoding = 4; lastKnownFileType = sourcecode.c.objc; path = IOS_AACEncode.m; sourceTree = "<group>"; };
		279AC7122117EA0900F5FD7C /* IOS_H264Decode.h */ = {isa = PBXFileReference; fileEncoding = 4; lastKnownFileType = sourcecode.c.h; path = IOS_H264Decode.h; sourceTree = "<group>"; };
		279AC7132117EA0900F5FD7C /* IOS_H264Encode.h */ = {isa = PBXFileReference; fileEncoding = 4; lastKnownFileType = sourcecode.c.h; path = IOS_H264Encode.h; sourceTree = "<group>"; };
		279AC7142117EA0900F5FD7C /* IOS_AACDecode.m */ = {isa = PBXFileReference; fileEncoding = 4; lastKnownFileType = sourcecode.c.objc; path = IOS_AACDecode.m; sourceTree = "<group>"; };
		279AC7192117EA0900F5FD7C /* GJLive.h */ = {isa = PBXFileReference; fileEncoding = 4; lastKnownFileType = sourcecode.c.h; path = GJLive.h; sourceTree = "<group>"; };
		279AC7452117EA0900F5FD7C /* GJLiveDefine+internal.h */ = {isa = PBXFileReference; fileEncoding = 4; lastKnownFileType = sourcecode.c.h; path = "GJLiveDefine+internal.h"; sourceTree = "<group>"; };
		279AC77F2117EA0900F5FD7C /* GJLivePull.m */ = {isa = PBXFileReference; fileEncoding = 4; lastKnownFileType = sourcecode.c.objc; path = GJLivePull.m; sourceTree = "<group>"; };
		279AC7812117EA0900F5FD7C /* H264StreamToTS.m */ = {isa = PBXFileReference; fileEncoding = 4; lastKnownFileType = sourcecode.c.objc; path = H264StreamToTS.m; sourceTree = "<group>"; };
		279AC7822117EA0900F5FD7C /* GJH264Decoder.h */ = {isa = PBXFileReference; fileEncoding = 4; lastKnownFileType = sourcecode.c.h; path = GJH264Decoder.h; sourceTree = "<group>"; };
		279AC7832117EA0900F5FD7C /* GJH264Encoder.m */ = {isa = PBXFileReference; fileEncoding = 4; lastKnownFileType = sourcecode.c.objc; path = GJH264Encoder.m; sourceTree = "<group>"; };
		279AC7842117EA0900F5FD7C /* H264Encoder.m */ = {isa = PBXFileReference; fileEncoding = 4; lastKnownFileType = sourcecode.c.objc; path = H264Encoder.m; sourceTree = "<group>"; };
		279AC7852117EA0900F5FD7C /* RtmpSendH264.h */ = {isa = PBXFileReference; fileEncoding = 4; lastKnownFileType = sourcecode.c.h; path = RtmpSendH264.h; sourceTree = "<group>"; };
		279AC7862117EA0900F5FD7C /* H264StreamToTS.h */ = {isa = PBXFileReference; fileEncoding = 4; lastKnownFileType = sourcecode.c.h; path = H264StreamToTS.h; sourceTree = "<group>"; };
		279AC7872117EA0900F5FD7C /* GJH264Decoder.m */ = {isa = PBXFileReference; fileEncoding = 4; lastKnownFileType = sourcecode.c.objc; path = GJH264Decoder.m; sourceTree = "<group>"; };
		279AC7882117EA0900F5FD7C /* H264Encoder.h */ = {isa = PBXFileReference; fileEncoding = 4; lastKnownFileType = sourcecode.c.h; path = H264Encoder.h; sourceTree = "<group>"; };
		279AC7892117EA0900F5FD7C /* GJH264Encoder.h */ = {isa = PBXFileReference; fileEncoding = 4; lastKnownFileType = sourcecode.c.h; path = GJH264Encoder.h; sourceTree = "<group>"; };
		279AC78A2117EA0900F5FD7C /* RtmpSendH264.m */ = {isa = PBXFileReference; fileEncoding = 4; lastKnownFileType = sourcecode.c.objc; path = RtmpSendH264.m; sourceTree = "<group>"; };
		279AC78C2117EA0900F5FD7C /* AutoLock.h */ = {isa = PBXFileReference; fileEncoding = 4; lastKnownFileType = sourcecode.c.h; path = AutoLock.h; sourceTree = "<group>"; };
		279AC78D2117EA0900F5FD7C /* GJDNSCacheTool.h */ = {isa = PBXFileReference; fileEncoding = 4; lastKnownFileType = sourcecode.c.h; path = GJDNSCacheTool.h; sourceTree = "<group>"; };
		279AC78E2117EA0900F5FD7C /* UncaughtExceptionHandler.h */ = {isa = PBXFileReference; fileEncoding = 4; lastKnownFileType = sourcecode.c.h; path = UncaughtExceptionHandler.h; sourceTree = "<group>"; };
		279AC78F2117EA0900F5FD7C /* GJDNSCacheTool.m */ = {isa = PBXFileReference; fileEncoding = 4; lastKnownFileType = sourcecode.c.objc; path = GJDNSCacheTool.m; sourceTree = "<group>"; };
		279AC7902117EA0900F5FD7C /* AutoLock.m */ = {isa = PBXFileReference; fileEncoding = 4; lastKnownFileType = sourcecode.c.objc; path = AutoLock.m; sourceTree = "<group>"; };
		279AC7912117EA0900F5FD7C /* UncaughtExceptionHandler.m */ = {isa = PBXFileReference; fileEncoding = 4; lastKnownFileType = sourcecode.c.objc; path = UncaughtExceptionHandler.m; sourceTree = "<group>"; };
		279AC7932117EA0900F5FD7C /* GJLivePush.h */ = {isa = PBXFileReference; fileEncoding = 4; lastKnownFileType = sourcecode.c.h; path = GJLivePush.h; sourceTree = "<group>"; };
		279AC7962117EA0900F5FD7C /* GJAudioManager.m */ = {isa = PBXFileReference; fileEncoding = 4; lastKnownFileType = sourcecode.c.objc; path = GJAudioManager.m; sourceTree = "<group>"; };
		279AC7972117EA0900F5FD7C /* GJOpenALPlayer.h */ = {isa = PBXFileReference; fileEncoding = 4; lastKnownFileType = sourcecode.c.h; path = GJOpenALPlayer.h; sourceTree = "<group>"; };
		279AC7982117EA0900F5FD7C /* GJAudioQueueRecoderFile.h */ = {isa = PBXFileReference; fileEncoding = 4; lastKnownFileType = sourcecode.c.h; path = GJAudioQueueRecoderFile.h; sourceTree = "<group>"; };
		279AC7992117EA0900F5FD7C /* AACEncoderFromPCM.h */ = {isa = PBXFileReference; fileEncoding = 4; lastKnownFileType = sourcecode.c.h; path = AACEncoderFromPCM.h; sourceTree = "<group>"; };
		279AC79A2117EA0900F5FD7C /* GJAudioQueuePlayer.m */ = {isa = PBXFileReference; fileEncoding = 4; lastKnownFileType = sourcecode.c.objc; path = GJAudioQueuePlayer.m; sourceTree = "<group>"; };
		279AC79B2117EA0900F5FD7C /* decoder_alac_apple.m */ = {isa = PBXFileReference; fileEncoding = 4; lastKnownFileType = sourcecode.c.objc; path = decoder_alac_apple.m; sourceTree = "<group>"; };
		279AC79C2117EA0900F5FD7C /* GJAudioQueueDrivePlayer.h */ = {isa = PBXFileReference; fileEncoding = 4; lastKnownFileType = sourcecode.c.h; path = GJAudioQueueDrivePlayer.h; sourceTree = "<group>"; };
		279AC79D2117EA0900F5FD7C /* AudioUnitCapture.h */ = {isa = PBXFileReference; fileEncoding = 4; lastKnownFileType = sourcecode.c.h; path = AudioUnitCapture.h; sourceTree = "<group>"; };
		279AC79E2117EA0900F5FD7C /* AirTunesPlay.m */ = {isa = PBXFileReference; fileEncoding = 4; lastKnownFileType = sourcecode.c.objc; path = AirTunesPlay.m; sourceTree = "<group>"; };
		279AC79F2117EA0900F5FD7C /* GJPCMDecodeFromAAC.h */ = {isa = PBXFileReference; fileEncoding = 4; lastKnownFileType = sourcecode.c.h; path = GJPCMDecodeFromAAC.h; sourceTree = "<group>"; };
		279AC7A02117EA0900F5FD7C /* GJAudioQueueRecoder.m */ = {isa = PBXFileReference; fileEncoding = 4; lastKnownFileType = sourcecode.c.objc; path = GJAudioQueueRecoder.m; sourceTree = "<group>"; };
		279AC7A12117EA0900F5FD7C /* AudioPraseStream.m */ = {isa = PBXFileReference; fileEncoding = 4; lastKnownFileType = sourcecode.c.objc; path = AudioPraseStream.m; sourceTree = "<group>"; };
		279AC7A32117EA0900F5FD7C /* GJAudioManager.h */ = {isa = PBXFileReference; fileEncoding = 4; lastKnownFileType = sourcecode.c.h; path = GJAudioManager.h; sourceTree = "<group>"; };
		279AC7A42117EA0900F5FD7C /* AACEncoderFromPCM.m */ = {isa = PBXFileReference; fileEncoding = 4; lastKnownFileType = sourcecode.c.objc; path = AACEncoderFromPCM.m; sourceTree = "<group>"; };
		279AC7A52117EA0900F5FD7C /* GJAudioQueuePlayer.h */ = {isa = PBXFileReference; fileEncoding = 4; lastKnownFileType = sourcecode.c.h; path = GJAudioQueuePlayer.h; sourceTree = "<group>"; };
		279AC7A62117EA0900F5FD7C /* GJAudioQueueRecoderFile.m */ = {isa = PBXFileReference; fileEncoding = 4; lastKnownFileType = sourcecode.c.objc; path = GJAudioQueueRecoderFile.m; sourceTree = "<group>"; };
		279AC7A72117EA0900F5FD7C /* AudioUnitCapture.m */ = {isa = PBXFileReference; fileEncoding = 4; lastKnownFileType = sourcecode.c.objc; path = AudioUnitCapture.m; sourceTree = "<group>"; };
		279AC7A82117EA0900F5FD7C /* GJAudioQueueDrivePlayer.m */ = {isa = PBXFileReference; fileEncoding = 4; lastKnownFileType = sourcecode.c.objc; path = GJAudioQueueDrivePlayer.m; sourceTree = "<group>"; };
		279AC7AA2117EA0900F5FD7C /* AudioPraseStream.h */ = {isa = PBXFileReference; fileEncoding = 4; lastKnownFileType = sourcecode.c.h; path = AudioPraseStream.h; sourceTree = "<group>"; };
		279AC7AB2117EA0900F5FD7C /* GJAudioQueueRecoder.h */ = {isa = PBXFileReference; fileEncoding = 4; lastKnownFileType = sourcecode.c.h; path = GJAudioQueueRecoder.h; sourceTree = "<group>"; };
		279AC7AC2117EA0900F5FD7C /* GJPCMDecodeFromAAC.m */ = {isa = PBXFileReference; fileEncoding = 4; lastKnownFileType = sourcecode.c.objc; path = GJPCMDecodeFromAAC.m; sourceTree = "<group>"; };
		279AC7AD2117EA0900F5FD7C /* AirTunesPlay.h */ = {isa = PBXFileReference; fileEncoding = 4; lastKnownFileType = sourcecode.c.h; path = AirTunesPlay.h; sourceTree = "<group>"; };
		279AC7AE2117EA0900F5FD7C /* GJOpenALPlayer.mm */ = {isa = PBXFileReference; fileEncoding = 4; lastKnownFileType = sourcecode.cpp.objcpp; path = GJOpenALPlayer.mm; sourceTree = "<group>"; };
		279AC7AF2117EA0900F5FD7C /* GJLivePull.h */ = {isa = PBXFileReference; fileEncoding = 4; lastKnownFileType = sourcecode.c.h; path = GJLivePull.h; sourceTree = "<group>"; };
		279AC7B02117EA0900F5FD7C /* GJLivePush.m */ = {isa = PBXFileReference; fileEncoding = 4; lastKnownFileType = sourcecode.c.objc; path = GJLivePush.m; sourceTree = "<group>"; };
		279AC7B42117EA0900F5FD7C /* GJBridgeContext.c */ = {isa = PBXFileReference; fileEncoding = 4; lastKnownFileType = sourcecode.c.c; path = GJBridgeContext.c; sourceTree = "<group>"; };
		279AC7B52117EA0900F5FD7C /* GJBridegContext.h */ = {isa = PBXFileReference; fileEncoding = 4; lastKnownFileType = sourcecode.c.h; path = GJBridegContext.h; sourceTree = "<group>"; };
		279AC7BA2117EA0900F5FD7C /* Info.plist */ = {isa = PBXFileReference; fileEncoding = 4; lastKnownFileType = text.plist.xml; path = Info.plist; sourceTree = "<group>"; };
		279AC87A2117EA6800F5FD7C /* GJImage.xcodeproj */ = {isa = PBXFileReference; lastKnownFileType = "wrapper.pb-project"; name = GJImage.xcodeproj; path = ../../GJImage/GJImage.xcodeproj; sourceTree = "<group>"; };
		279AC8842117EA7C00F5FD7C /* kcpTunDemo.xcodeproj */ = {isa = PBXFileReference; lastKnownFileType = "wrapper.pb-project"; name = kcpTunDemo.xcodeproj; path = ../../kcptunCode/kcpTunDemo/kcpTunDemo.xcodeproj; sourceTree = "<group>"; };
		279AC88E2117EA9000F5FD7C /* RtmpCode.xcodeproj */ = {isa = PBXFileReference; lastKnownFileType = "wrapper.pb-project"; name = RtmpCode.xcodeproj; path = ../../rtmpAndOpenssl/RtmpCode.xcodeproj; sourceTree = "<group>"; };
		279AC8A92117F0A200F5FD7C /* GJStreamPull.h */ = {isa = PBXFileReference; fileEncoding = 4; lastKnownFileType = sourcecode.c.h; path = GJStreamPull.h; sourceTree = "<group>"; };
		279AC8AA2117F0A200F5FD7C /* GJRtmpPull.m */ = {isa = PBXFileReference; fileEncoding = 4; lastKnownFileType = sourcecode.c.objc; path = GJRtmpPull.m; sourceTree = "<group>"; };
		279AC8AB2117F0A200F5FD7C /* GJLivePlayer.h */ = {isa = PBXFileReference; fileEncoding = 4; lastKnownFileType = sourcecode.c.h; path = GJLivePlayer.h; sourceTree = "<group>"; };
		279AC8AC2117F0A200F5FD7C /* GJLivePullContext.c */ = {isa = PBXFileReference; fileEncoding = 4; lastKnownFileType = sourcecode.c.c; path = GJLivePullContext.c; sourceTree = "<group>"; };
		279AC8AD2117F0A200F5FD7C /* GJFFmpegPull.c */ = {isa = PBXFileReference; fileEncoding = 4; lastKnownFileType = sourcecode.c.c; path = GJFFmpegPull.c; sourceTree = "<group>"; };
		279AC8AF2117F0A200F5FD7C /* GJLivePullContext.h */ = {isa = PBXFileReference; fileEncoding = 4; lastKnownFileType = sourcecode.c.h; path = GJLivePullContext.h; sourceTree = "<group>"; };
		279AC8B02117F0A200F5FD7C /* GJLivePlayer.c */ = {isa = PBXFileReference; fileEncoding = 4; lastKnownFileType = sourcecode.c.c; path = GJLivePlayer.c; sourceTree = "<group>"; };
		279AC8BB2117F0AA00F5FD7C /* GJRtmpPush.h */ = {isa = PBXFileReference; fileEncoding = 4; lastKnownFileType = sourcecode.c.h; path = GJRtmpPush.h; sourceTree = "<group>"; };
		279AC8BC2117F0AA00F5FD7C /* GJLivePushContext.h */ = {isa = PBXFileReference; fileEncoding = 4; lastKnownFileType = sourcecode.c.h; path = GJLivePushContext.h; sourceTree = "<group>"; };
		279AC8BD2117F0AA00F5FD7C /* GJFFmpegSeparatePush.c */ = {isa = PBXFileReference; fileEncoding = 4; lastKnownFileType = sourcecode.c.c; path = GJFFmpegSeparatePush.c; sourceTree = "<group>"; };
		279AC8BE2117F0AA00F5FD7C /* GJFFmpegPush.c */ = {isa = PBXFileReference; fileEncoding = 4; lastKnownFileType = sourcecode.c.c; path = GJFFmpegPush.c; sourceTree = "<group>"; };
		279AC8BF2117F0AA00F5FD7C /* GJRtmpPush.c */ = {isa = PBXFileReference; fileEncoding = 4; lastKnownFileType = sourcecode.c.c; path = GJRtmpPush.c; sourceTree = "<group>"; };
		279AC8C02117F0AA00F5FD7C /* GJLivePushContext.c */ = {isa = PBXFileReference; fileEncoding = 4; lastKnownFileType = sourcecode.c.c; path = GJLivePushContext.c; sourceTree = "<group>"; };
		279AC8C12117F0AA00F5FD7C /* GJStreamPush.h */ = {isa = PBXFileReference; fileEncoding = 4; lastKnownFileType = sourcecode.c.h; path = GJStreamPush.h; sourceTree = "<group>"; };
		279AC8CA2117F0B200F5FD7C /* GJUtil.h */ = {isa = PBXFileReference; fileEncoding = 4; lastKnownFileType = sourcecode.c.h; path = GJUtil.h; sourceTree = "<group>"; };
		279AC8CC2117F0B200F5FD7C /* GJAudioAlignment.h */ = {isa = PBXFileReference; fileEncoding = 4; lastKnownFileType = sourcecode.c.h; path = GJAudioAlignment.h; sourceTree = "<group>"; };
		279AC8CD2117F0B200F5FD7C /* GJDNSCache.c */ = {isa = PBXFileReference; fileEncoding = 4; lastKnownFileType = sourcecode.c.c; path = GJDNSCache.c; sourceTree = "<group>"; };
		279AC8CE2117F0B200F5FD7C /* FFWriter.h */ = {isa = PBXFileReference; fileEncoding = 4; lastKnownFileType = sourcecode.c.h; path = FFWriter.h; sourceTree = "<group>"; };
		279AC8CF2117F0B200F5FD7C /* GJMessageDispatcher.h */ = {isa = PBXFileReference; fileEncoding = 4; lastKnownFileType = sourcecode.c.h; path = GJMessageDispatcher.h; sourceTree = "<group>"; };
		279AC8D02117F0B200F5FD7C /* GJFLVPack.h */ = {isa = PBXFileReference; fileEncoding = 4; lastKnownFileType = sourcecode.c.h; path = GJFLVPack.h; sourceTree = "<group>"; };
		279AC8D12117F0B200F5FD7C /* sps_decode.c */ = {isa = PBXFileReference; fileEncoding = 4; lastKnownFileType = sourcecode.c.c; path = sps_decode.c; sourceTree = "<group>"; };
		279AC8D22117F0B200F5FD7C /* GJFormats.h */ = {isa = PBXFileReference; fileEncoding = 4; lastKnownFileType = sourcecode.c.h; path = GJFormats.h; sourceTree = "<group>"; };
		279AC8D32117F0B200F5FD7C /* Mp4Writer.h */ = {isa = PBXFileReference; fileEncoding = 4; lastKnownFileType = sourcecode.c.h; path = Mp4Writer.h; sourceTree = "<group>"; };
		279AC8D52117F0B200F5FD7C /* GJUtil.c */ = {isa = PBXFileReference; fileEncoding = 4; lastKnownFileType = sourcecode.c.c; path = GJUtil.c; sourceTree = "<group>"; };
		279AC8D62117F0B200F5FD7C /* GJFLVPack.c */ = {isa = PBXFileReference; fileEncoding = 4; lastKnownFileType = sourcecode.c.c; path = GJFLVPack.c; sourceTree = "<group>"; };
		279AC8F02117F0B200F5FD7C /* GJMessageDispatcher.c */ = {isa = PBXFileReference; fileEncoding = 4; lastKnownFileType = sourcecode.c.c; path = GJMessageDispatcher.c; sourceTree = "<group>"; };
		279AC8F12117F0B200F5FD7C /* GJAudioAlignment.c */ = {isa = PBXFileReference; fileEncoding = 4; lastKnownFileType = sourcecode.c.c; path = GJAudioAlignment.c; sourceTree = "<group>"; };
		279AC8F22117F0B200F5FD7C /* GJDNSCache.h */ = {isa = PBXFileReference; fileEncoding = 4; lastKnownFileType = sourcecode.c.h; path = GJDNSCache.h; sourceTree = "<group>"; };
		279AC8F32117F0B200F5FD7C /* FFWriter.c */ = {isa = PBXFileReference; fileEncoding = 4; lastKnownFileType = sourcecode.c.c; path = FFWriter.c; sourceTree = "<group>"; };
		279AC8F42117F0B200F5FD7C /* sps_decode.h */ = {isa = PBXFileReference; fileEncoding = 4; lastKnownFileType = sourcecode.c.h; path = sps_decode.h; sourceTree = "<group>"; };
		279AC8F52117F0B200F5FD7C /* Mp4Writer.c */ = {isa = PBXFileReference; fileEncoding = 4; lastKnownFileType = sourcecode.c.c; path = Mp4Writer.c; sourceTree = "<group>"; };
		279AC9222117F38900F5FD7C /* Accelerate.framework */ = {isa = PBXFileReference; lastKnownFileType = wrapper.framework; name = Accelerate.framework; path = System/Library/Frameworks/Accelerate.framework; sourceTree = SDKROOT; };
		279AC9242117F3C900F5FD7C /* libz.tbd */ = {isa = PBXFileReference; lastKnownFileType = "sourcecode.text-based-dylib-definition"; name = libz.tbd; path = usr/lib/libz.tbd; sourceTree = SDKROOT; };
/* End PBXFileReference section */

/* Begin PBXFrameworksBuildPhase section */
		279AC67B2117E86600F5FD7C /* Frameworks */ = {
			isa = PBXFrameworksBuildPhase;
			buildActionMask = 2147483647;
			files = (
				275299B6211822BE00DD0403 /* liblibQueue.a in Frameworks */,
				279AC8A12117EB3D00F5FD7C /* libAirReceive.a in Frameworks */,
				279AC8A22117EB3D00F5FD7C /* libAudioEngine.a in Frameworks */,
				279AC8A32117EB3D00F5FD7C /* libavcodec.a in Frameworks */,
				279AC8A42117EB3D00F5FD7C /* libavformat.a in Frameworks */,
				279AC8A52117EB3D00F5FD7C /* libavutil.a in Frameworks */,
				279AC8A62117EB3D00F5FD7C /* libGJImageFilters.a in Frameworks */,
			);
			runOnlyForDeploymentPostprocessing = 0;
		};
/* End PBXFrameworksBuildPhase section */

/* Begin PBXGroup section */
		27529964211820E800DD0403 /* Products */ = {
			isa = PBXGroup;
			children = (
				27529969211820E800DD0403 /* GJQueue.app */,
				2752996B211820E800DD0403 /* liblibQueue.a */,
			);
			name = Products;
			sourceTree = "<group>";
		};
		279AC6752117E86600F5FD7C = {
			isa = PBXGroup;
			children = (
				27529963211820E800DD0403 /* GJQueue.xcodeproj */,
				279AC88E2117EA9000F5FD7C /* RtmpCode.xcodeproj */,
				279AC8842117EA7C00F5FD7C /* kcpTunDemo.xcodeproj */,
				279AC87A2117EA6800F5FD7C /* GJImage.xcodeproj */,
				279AC6B62117E98200F5FD7C /* AirReceive.xcodeproj */,
				279AC6BC2117E99300F5FD7C /* AudioEngine.xcodeproj */,
				279AC6C82117E9DB00F5FD7C /* ffmpegCode.xcodeproj */,
				279AC6E92117EA0900F5FD7C /* GJLiveEngine */,
				279AC6802117E86600F5FD7C /* Products */,
				279AC8A02117EB3D00F5FD7C /* Frameworks */,
			);
			sourceTree = "<group>";
		};
		279AC6802117E86600F5FD7C /* Products */ = {
			isa = PBXGroup;
			children = (
				279AC67F2117E86600F5FD7C /* GJLiveEngine.framework */,
			);
			name = Products;
			sourceTree = "<group>";
		};
		279AC6B72117E98200F5FD7C /* Products */ = {
			isa = PBXGroup;
			children = (
				279AC6BB2117E98200F5FD7C /* libAirReceive.a */,
			);
			name = Products;
			sourceTree = "<group>";
		};
		279AC6BD2117E99300F5FD7C /* Products */ = {
			isa = PBXGroup;
			children = (
				279AC6C32117E99300F5FD7C /* libAudioEngine.a */,
				279AC6C52117E99300F5FD7C /* libAudioEngine OS X.a */,
				279AC6C72117E99300F5FD7C /* libAudioEngine tvOS.a */,
			);
			name = Products;
			sourceTree = "<group>";
		};
		279AC6C92117E9DB00F5FD7C /* Products */ = {
			isa = PBXGroup;
			children = (
				279AC6D62117E9DB00F5FD7C /* ffmpegCode.app */,
				279AC6D82117E9DB00F5FD7C /* libswresample.a */,
				279AC6DA2117E9DB00F5FD7C /* libavformat.a */,
				279AC6DC2117E9DB00F5FD7C /* libavcodec.a */,
				279AC6DE2117E9DB00F5FD7C /* libavdevice.a */,
				279AC6E02117E9DB00F5FD7C /* libavfilter.a */,
				279AC6E22117E9DB00F5FD7C /* libavresample.a */,
				279AC6E42117E9DB00F5FD7C /* libavutil.a */,
				279AC6E62117E9DB00F5FD7C /* libpostproc.a */,
				279AC6E82117E9DB00F5FD7C /* libswscale.a */,
			);
			name = Products;
			sourceTree = "<group>";
		};
		279AC6E92117EA0900F5FD7C /* GJLiveEngine */ = {
			isa = PBXGroup;
			children = (
				279AC6EA2117EA0900F5FD7C /* GJLiveEngine.h */,
				279AC7BA2117EA0900F5FD7C /* Info.plist */,
				279AC6EB2117EA0900F5FD7C /* CrossPlatform */,
				279AC77E2117EA0900F5FD7C /* IOS */,
			);
			path = GJLiveEngine;
			sourceTree = "<group>";
		};
		279AC6EB2117EA0900F5FD7C /* CrossPlatform */ = {
			isa = PBXGroup;
			children = (
				279AC7B32117EA0900F5FD7C /* PlatformBridge */,
				279AC8C92117F0B200F5FD7C /* Tools */,
				279AC8BA2117F0AA00F5FD7C /* LivePush */,
				279AC8A72117F0A200F5FD7C /* LivePull */,
				279AC6FA2117EA0900F5FD7C /* Bridge */,
			);
			path = CrossPlatform;
			sourceTree = "<group>";
		};
		279AC6FA2117EA0900F5FD7C /* Bridge */ = {
			isa = PBXGroup;
			children = (
				279AC6FB2117EA0900F5FD7C /* FFAudioDecoder.h */,
				279AC6FC2117EA0900F5FD7C /* IOS_AudioProduce.m */,
				279AC6FD2117EA0900F5FD7C /* IOS_Recoder.h */,
				279AC6FE2117EA0900F5FD7C /* IOS_AudioDrivePlayer.h */,
				279AC6FF2117EA0900F5FD7C /* IOS_VideoProduce.h */,
				279AC7002117EA0900F5FD7C /* FFVideoDecoder.m */,
				279AC7012117EA0900F5FD7C /* IOS_RAOPPlay.m */,
				279AC7022117EA0900F5FD7C /* IOS_PictureDisplay.m */,
				279AC7032117EA0900F5FD7C /* FFVideoEncoder.h */,
				279AC7042117EA0900F5FD7C /* IOS_AACDecode.h */,
				279AC7052117EA0900F5FD7C /* IOS_H264Encode.m */,
				279AC7062117EA0900F5FD7C /* IOS_H264Decode.m */,
				279AC7072117EA0900F5FD7C /* IOS_AACEncode.h */,
				279AC7082117EA0900F5FD7C /* IOS_Recoder.m */,
				279AC7092117EA0900F5FD7C /* IOS_AudioProduce.h */,
				279AC70A2117EA0900F5FD7C /* FFAudioDecoder.m */,
				279AC70B2117EA0900F5FD7C /* IOS_RAOPPlay.h */,
				279AC70C2117EA0900F5FD7C /* IOS_PictureDisplay.h */,
				279AC70D2117EA0900F5FD7C /* FFVideoDecoder.h */,
				279AC70E2117EA0900F5FD7C /* IOS_VideoProduce.m */,
				279AC70F2117EA0900F5FD7C /* IOS_AudioDrivePlayer.m */,
				279AC7102117EA0900F5FD7C /* FFVideoEncoder.c */,
				279AC7112117EA0900F5FD7C /* IOS_AACEncode.m */,
				279AC7122117EA0900F5FD7C /* IOS_H264Decode.h */,
				279AC7132117EA0900F5FD7C /* IOS_H264Encode.h */,
				279AC7142117EA0900F5FD7C /* IOS_AACDecode.m */,
			);
			path = Bridge;
			sourceTree = "<group>";
		};
		279AC77E2117EA0900F5FD7C /* IOS */ = {
			isa = PBXGroup;
			children = (
				279AC7952117EA0900F5FD7C /* Audio */,
				279AC7802117EA0900F5FD7C /* Video */,
				279AC78B2117EA0900F5FD7C /* Tools */,
				279AC7932117EA0900F5FD7C /* GJLivePush.h */,
				279AC7B02117EA0900F5FD7C /* GJLivePush.m */,
				279AC77F2117EA0900F5FD7C /* GJLivePull.m */,
				279AC7AF2117EA0900F5FD7C /* GJLivePull.h */,
			);
			path = IOS;
			sourceTree = "<group>";
		};
		279AC7802117EA0900F5FD7C /* Video */ = {
			isa = PBXGroup;
			children = (
				279AC7862117EA0900F5FD7C /* H264StreamToTS.h */,
				279AC7812117EA0900F5FD7C /* H264StreamToTS.m */,
				279AC7872117EA0900F5FD7C /* GJH264Decoder.m */,
				279AC7822117EA0900F5FD7C /* GJH264Decoder.h */,
				279AC7892117EA0900F5FD7C /* GJH264Encoder.h */,
				279AC7832117EA0900F5FD7C /* GJH264Encoder.m */,
				279AC7882117EA0900F5FD7C /* H264Encoder.h */,
				279AC7842117EA0900F5FD7C /* H264Encoder.m */,
				279AC7852117EA0900F5FD7C /* RtmpSendH264.h */,
				279AC78A2117EA0900F5FD7C /* RtmpSendH264.m */,
			);
			path = Video;
			sourceTree = "<group>";
		};
		279AC78B2117EA0900F5FD7C /* Tools */ = {
			isa = PBXGroup;
			children = (
				279AC78C2117EA0900F5FD7C /* AutoLock.h */,
				279AC7902117EA0900F5FD7C /* AutoLock.m */,
				279AC78D2117EA0900F5FD7C /* GJDNSCacheTool.h */,
				279AC78F2117EA0900F5FD7C /* GJDNSCacheTool.m */,
				275299172117F72900DD0403 /* GJScreenRecorder.h */,
				275299182117F72900DD0403 /* GJScreenRecorder.m */,
				279AC78E2117EA0900F5FD7C /* UncaughtExceptionHandler.h */,
				279AC7912117EA0900F5FD7C /* UncaughtExceptionHandler.m */,
			);
			path = Tools;
			sourceTree = "<group>";
		};
		279AC7952117EA0900F5FD7C /* Audio */ = {
			isa = PBXGroup;
			children = (
				279AC7A32117EA0900F5FD7C /* GJAudioManager.h */,
				279AC7962117EA0900F5FD7C /* GJAudioManager.m */,
				279AC7972117EA0900F5FD7C /* GJOpenALPlayer.h */,
				279AC7AE2117EA0900F5FD7C /* GJOpenALPlayer.mm */,
				279AC79C2117EA0900F5FD7C /* GJAudioQueueDrivePlayer.h */,
				279AC7A82117EA0900F5FD7C /* GJAudioQueueDrivePlayer.m */,
				279AC7982117EA0900F5FD7C /* GJAudioQueueRecoderFile.h */,
				279AC7A62117EA0900F5FD7C /* GJAudioQueueRecoderFile.m */,
				279AC7AB2117EA0900F5FD7C /* GJAudioQueueRecoder.h */,
				279AC7A02117EA0900F5FD7C /* GJAudioQueueRecoder.m */,
				279AC7992117EA0900F5FD7C /* AACEncoderFromPCM.h */,
				279AC7A42117EA0900F5FD7C /* AACEncoderFromPCM.m */,
				279AC7A52117EA0900F5FD7C /* GJAudioQueuePlayer.h */,
				279AC79A2117EA0900F5FD7C /* GJAudioQueuePlayer.m */,
				279AC79B2117EA0900F5FD7C /* decoder_alac_apple.m */,
				279AC79D2117EA0900F5FD7C /* AudioUnitCapture.h */,
				279AC7A72117EA0900F5FD7C /* AudioUnitCapture.m */,
				279AC7AD2117EA0900F5FD7C /* AirTunesPlay.h */,
				279AC79E2117EA0900F5FD7C /* AirTunesPlay.m */,
				279AC79F2117EA0900F5FD7C /* GJPCMDecodeFromAAC.h */,
				279AC7AC2117EA0900F5FD7C /* GJPCMDecodeFromAAC.m */,
				279AC7AA2117EA0900F5FD7C /* AudioPraseStream.h */,
				279AC7A12117EA0900F5FD7C /* AudioPraseStream.m */,
			);
			path = Audio;
			sourceTree = "<group>";
		};
		279AC7B32117EA0900F5FD7C /* PlatformBridge */ = {
			isa = PBXGroup;
			children = (
				275299BF2118328B00DD0403 /* GJLog.c */,
				275299C02118328D00DD0403 /* GJLog.h */,
				275299BD21182EA600DD0403 /* GJPlatformHeader.h */,
				279AC7B42117EA0900F5FD7C /* GJBridgeContext.c */,
				279AC7B52117EA0900F5FD7C /* GJBridegContext.h */,
				279AC6EF2117EA0900F5FD7C /* Version.h */,
				279AC6F42117EA0900F5FD7C /* GJLiveDefine.h */,
				279AC6F92117EA0900F5FD7C /* GJLiveDefine+internal.c */,
				279AC7192117EA0900F5FD7C /* GJLive.h */,
				275299C3211832E800DD0403 /* GTime.c */,
				275299C4211832EA00DD0403 /* GTime.h */,
				279AC7452117EA0900F5FD7C /* GJLiveDefine+internal.h */,
			);
			path = PlatformBridge;
			sourceTree = "<group>";
		};
		279AC87B2117EA6800F5FD7C /* Products */ = {
			isa = PBXGroup;
			children = (
				279AC8812117EA6800F5FD7C /* GJImage.app */,
				279AC8832117EA6800F5FD7C /* libGJImageFilters.a */,
			);
			name = Products;
			sourceTree = "<group>";
		};
		279AC8852117EA7C00F5FD7C /* Products */ = {
			isa = PBXGroup;
			children = (
				279AC88B2117EA7C00F5FD7C /* kcpTunDemo.app */,
				279AC88D2117EA7C00F5FD7C /* libkcptun.a */,
			);
			name = Products;
			sourceTree = "<group>";
		};
		279AC88F2117EA9000F5FD7C /* Products */ = {
			isa = PBXGroup;
			children = (
				279AC8972117EA9000F5FD7C /* RtmpCode.app */,
				279AC8992117EA9000F5FD7C /* librtmp.a */,
				279AC89B2117EA9000F5FD7C /* libopenssl.a */,
				279AC89D2117EA9000F5FD7C /* libcrypto.a */,
				279AC89F2117EA9000F5FD7C /* RtmpServer */,
			);
			name = Products;
			sourceTree = "<group>";
		};
		279AC8A02117EB3D00F5FD7C /* Frameworks */ = {
			isa = PBXGroup;
			children = (
				275299BB21182A8F00DD0403 /* libc++.tbd */,
				279AC9242117F3C900F5FD7C /* libz.tbd */,
				279AC9222117F38900F5FD7C /* Accelerate.framework */,
			);
			name = Frameworks;
			sourceTree = "<group>";
		};
		279AC8A72117F0A200F5FD7C /* LivePull */ = {
			isa = PBXGroup;
			children = (
				279AC8A92117F0A200F5FD7C /* GJStreamPull.h */,
				279AC8AA2117F0A200F5FD7C /* GJRtmpPull.m */,
				279AC8AD2117F0A200F5FD7C /* GJFFmpegPull.c */,
				279AC8AB2117F0A200F5FD7C /* GJLivePlayer.h */,
				279AC8B02117F0A200F5FD7C /* GJLivePlayer.c */,
				279AC8AF2117F0A200F5FD7C /* GJLivePullContext.h */,
				279AC8AC2117F0A200F5FD7C /* GJLivePullContext.c */,
			);
			path = LivePull;
			sourceTree = "<group>";
		};
		279AC8BA2117F0AA00F5FD7C /* LivePush */ = {
			isa = PBXGroup;
			children = (
				279AC8BB2117F0AA00F5FD7C /* GJRtmpPush.h */,
				279AC8BC2117F0AA00F5FD7C /* GJLivePushContext.h */,
				279AC8BD2117F0AA00F5FD7C /* GJFFmpegSeparatePush.c */,
				279AC8BE2117F0AA00F5FD7C /* GJFFmpegPush.c */,
				279AC8BF2117F0AA00F5FD7C /* GJRtmpPush.c */,
				279AC8C02117F0AA00F5FD7C /* GJLivePushContext.c */,
				279AC8C12117F0AA00F5FD7C /* GJStreamPush.h */,
			);
			path = LivePush;
			sourceTree = "<group>";
		};
		279AC8C92117F0B200F5FD7C /* Tools */ = {
			isa = PBXGroup;
			children = (
				279AC8CA2117F0B200F5FD7C /* GJUtil.h */,
				279AC8D52117F0B200F5FD7C /* GJUtil.c */,
				279AC8CC2117F0B200F5FD7C /* GJAudioAlignment.h */,
				279AC8CD2117F0B200F5FD7C /* GJDNSCache.c */,
				279AC8CE2117F0B200F5FD7C /* FFWriter.h */,
				279AC8CF2117F0B200F5FD7C /* GJMessageDispatcher.h */,
				279AC8D02117F0B200F5FD7C /* GJFLVPack.h */,
				279AC8D12117F0B200F5FD7C /* sps_decode.c */,
				279AC8D22117F0B200F5FD7C /* GJFormats.h */,
				279AC8D32117F0B200F5FD7C /* Mp4Writer.h */,
				279AC8D62117F0B200F5FD7C /* GJFLVPack.c */,
				279AC8F02117F0B200F5FD7C /* GJMessageDispatcher.c */,
				279AC8F12117F0B200F5FD7C /* GJAudioAlignment.c */,
				279AC8F22117F0B200F5FD7C /* GJDNSCache.h */,
				279AC8F32117F0B200F5FD7C /* FFWriter.c */,
				279AC8F42117F0B200F5FD7C /* sps_decode.h */,
				279AC8F52117F0B200F5FD7C /* Mp4Writer.c */,
			);
			path = Tools;
			sourceTree = "<group>";
		};
/* End PBXGroup section */

/* Begin PBXHeadersBuildPhase section */
		279AC67C2117E86600F5FD7C /* Headers */ = {
			isa = PBXHeadersBuildPhase;
			buildActionMask = 2147483647;
			files = (
				279AC7CA2117EA0900F5FD7C /* FFAudioDecoder.h in Headers */,
				279AC8F82117F0B200F5FD7C /* GJAudioAlignment.h in Headers */,
				279AC7DB2117EA0A00F5FD7C /* IOS_PictureDisplay.h in Headers */,
				275299192117F72900DD0403 /* GJScreenRecorder.h in Headers */,
				279AC84E2117EA0A00F5FD7C /* GJH264Encoder.h in Headers */,
				279AC7CC2117EA0900F5FD7C /* IOS_Recoder.h in Headers */,
				279AC7DA2117EA0A00F5FD7C /* IOS_RAOPPlay.h in Headers */,
				275299BE21182EA600DD0403 /* GJPlatformHeader.h in Headers */,
				279AC7C42117EA0900F5FD7C /* GJLiveDefine.h in Headers */,
				279AC7BB2117EA0900F5FD7C /* GJLiveEngine.h in Headers */,
				279AC86D2117EA0A00F5FD7C /* AudioPraseStream.h in Headers */,
				279AC7BF2117EA0900F5FD7C /* Version.h in Headers */,
				279AC8B82117F0A200F5FD7C /* GJLivePullContext.h in Headers */,
				275299C22118328D00DD0403 /* GJLog.h in Headers */,
				279AC85C2117EA0A00F5FD7C /* AACEncoderFromPCM.h in Headers */,
				279AC8572117EA0A00F5FD7C /* GJLivePush.h in Headers */,
				279AC7E22117EA0A00F5FD7C /* IOS_H264Encode.h in Headers */,
				279AC7D62117EA0A00F5FD7C /* IOS_AACEncode.h in Headers */,
				279AC8662117EA0A00F5FD7C /* GJAudioManager.h in Headers */,
				279AC8B22117F0A200F5FD7C /* GJStreamPull.h in Headers */,
				279AC8772117EA0A00F5FD7C /* GJBridegContext.h in Headers */,
				275299C6211832EA00DD0403 /* GTime.h in Headers */,
				279AC8FB2117F0B200F5FD7C /* GJMessageDispatcher.h in Headers */,
				279AC7DC2117EA0A00F5FD7C /* FFVideoDecoder.h in Headers */,
				279AC7CD2117EA0A00F5FD7C /* IOS_AudioDrivePlayer.h in Headers */,
				279AC84A2117EA0A00F5FD7C /* RtmpSendH264.h in Headers */,
				279AC7E82117EA0A00F5FD7C /* GJLive.h in Headers */,
				279AC8F62117F0B200F5FD7C /* GJUtil.h in Headers */,
				279AC8622117EA0A00F5FD7C /* GJPCMDecodeFromAAC.h in Headers */,
				279AC8C82117F0AA00F5FD7C /* GJStreamPush.h in Headers */,
				279AC7E12117EA0A00F5FD7C /* IOS_H264Decode.h in Headers */,
				279AC8C32117F0AA00F5FD7C /* GJLivePushContext.h in Headers */,
				279AC7CE2117EA0A00F5FD7C /* IOS_VideoProduce.h in Headers */,
				279AC7D32117EA0A00F5FD7C /* IOS_AACDecode.h in Headers */,
				279AC85F2117EA0A00F5FD7C /* GJAudioQueueDrivePlayer.h in Headers */,
				279AC8132117EA0A00F5FD7C /* GJLiveDefine+internal.h in Headers */,
				279AC8522117EA0A00F5FD7C /* UncaughtExceptionHandler.h in Headers */,
				279AC8722117EA0A00F5FD7C /* GJLivePull.h in Headers */,
				279AC7D82117EA0A00F5FD7C /* IOS_AudioProduce.h in Headers */,
				279AC8502117EA0A00F5FD7C /* AutoLock.h in Headers */,
				279AC8B42117F0A200F5FD7C /* GJLivePlayer.h in Headers */,
				279AC8472117EA0A00F5FD7C /* GJH264Decoder.h in Headers */,
			);
			runOnlyForDeploymentPostprocessing = 0;
		};
/* End PBXHeadersBuildPhase section */

/* Begin PBXNativeTarget section */
		279AC67E2117E86600F5FD7C /* GJLiveEngine */ = {
			isa = PBXNativeTarget;
			buildConfigurationList = 279AC6872117E86600F5FD7C /* Build configuration list for PBXNativeTarget "GJLiveEngine" */;
			buildPhases = (
				279AC67A2117E86600F5FD7C /* Sources */,
				279AC67B2117E86600F5FD7C /* Frameworks */,
				279AC67C2117E86600F5FD7C /* Headers */,
				279AC67D2117E86600F5FD7C /* Resources */,
			);
			buildRules = (
			);
			dependencies = (
			);
			name = GJLiveEngine;
			productName = GJLiveEngine;
			productReference = 279AC67F2117E86600F5FD7C /* GJLiveEngine.framework */;
			productType = "com.apple.product-type.framework";
		};
/* End PBXNativeTarget section */

/* Begin PBXProject section */
		279AC6762117E86600F5FD7C /* Project object */ = {
			isa = PBXProject;
			attributes = {
				LastUpgradeCheck = 0940;
				ORGANIZATIONNAME = MinorUncle;
				TargetAttributes = {
					279AC67E2117E86600F5FD7C = {
						CreatedOnToolsVersion = 9.4.1;
					};
				};
			};
			buildConfigurationList = 279AC6792117E86600F5FD7C /* Build configuration list for PBXProject "GJLiveEngine" */;
			compatibilityVersion = "Xcode 9.3";
			developmentRegion = en;
			hasScannedForEncodings = 0;
			knownRegions = (
				en,
			);
			mainGroup = 279AC6752117E86600F5FD7C;
			productRefGroup = 279AC6802117E86600F5FD7C /* Products */;
			projectDirPath = "";
			projectReferences = (
				{
					ProductGroup = 279AC6B72117E98200F5FD7C /* Products */;
					ProjectRef = 279AC6B62117E98200F5FD7C /* AirReceive.xcodeproj */;
				},
				{
					ProductGroup = 279AC6BD2117E99300F5FD7C /* Products */;
					ProjectRef = 279AC6BC2117E99300F5FD7C /* AudioEngine.xcodeproj */;
				},
				{
					ProductGroup = 279AC6C92117E9DB00F5FD7C /* Products */;
					ProjectRef = 279AC6C82117E9DB00F5FD7C /* ffmpegCode.xcodeproj */;
				},
				{
					ProductGroup = 279AC87B2117EA6800F5FD7C /* Products */;
					ProjectRef = 279AC87A2117EA6800F5FD7C /* GJImage.xcodeproj */;
				},
				{
					ProductGroup = 27529964211820E800DD0403 /* Products */;
					ProjectRef = 27529963211820E800DD0403 /* GJQueue.xcodeproj */;
				},
				{
					ProductGroup = 279AC8852117EA7C00F5FD7C /* Products */;
					ProjectRef = 279AC8842117EA7C00F5FD7C /* kcpTunDemo.xcodeproj */;
				},
				{
					ProductGroup = 279AC88F2117EA9000F5FD7C /* Products */;
					ProjectRef = 279AC88E2117EA9000F5FD7C /* RtmpCode.xcodeproj */;
				},
			);
			projectRoot = "";
			targets = (
				279AC67E2117E86600F5FD7C /* GJLiveEngine */,
			);
		};
/* End PBXProject section */

/* Begin PBXReferenceProxy section */
		27529969211820E800DD0403 /* GJQueue.app */ = {
			isa = PBXReferenceProxy;
			fileType = wrapper.application;
			path = GJQueue.app;
			remoteRef = 27529968211820E800DD0403 /* PBXContainerItemProxy */;
			sourceTree = BUILT_PRODUCTS_DIR;
		};
		2752996B211820E800DD0403 /* liblibQueue.a */ = {
			isa = PBXReferenceProxy;
			fileType = archive.ar;
			path = liblibQueue.a;
			remoteRef = 2752996A211820E800DD0403 /* PBXContainerItemProxy */;
			sourceTree = BUILT_PRODUCTS_DIR;
		};
		279AC6BB2117E98200F5FD7C /* libAirReceive.a */ = {
			isa = PBXReferenceProxy;
			fileType = archive.ar;
			path = libAirReceive.a;
			remoteRef = 279AC6BA2117E98200F5FD7C /* PBXContainerItemProxy */;
			sourceTree = BUILT_PRODUCTS_DIR;
		};
		279AC6C32117E99300F5FD7C /* libAudioEngine.a */ = {
			isa = PBXReferenceProxy;
			fileType = archive.ar;
			path = libAudioEngine.a;
			remoteRef = 279AC6C22117E99300F5FD7C /* PBXContainerItemProxy */;
			sourceTree = BUILT_PRODUCTS_DIR;
		};
		279AC6C52117E99300F5FD7C /* libAudioEngine OS X.a */ = {
			isa = PBXReferenceProxy;
			fileType = archive.ar;
			path = "libAudioEngine OS X.a";
			remoteRef = 279AC6C42117E99300F5FD7C /* PBXContainerItemProxy */;
			sourceTree = BUILT_PRODUCTS_DIR;
		};
		279AC6C72117E99300F5FD7C /* libAudioEngine tvOS.a */ = {
			isa = PBXReferenceProxy;
			fileType = archive.ar;
			path = "libAudioEngine tvOS.a";
			remoteRef = 279AC6C62117E99300F5FD7C /* PBXContainerItemProxy */;
			sourceTree = BUILT_PRODUCTS_DIR;
		};
		279AC6D62117E9DB00F5FD7C /* ffmpegCode.app */ = {
			isa = PBXReferenceProxy;
			fileType = wrapper.application;
			path = ffmpegCode.app;
			remoteRef = 279AC6D52117E9DB00F5FD7C /* PBXContainerItemProxy */;
			sourceTree = BUILT_PRODUCTS_DIR;
		};
		279AC6D82117E9DB00F5FD7C /* libswresample.a */ = {
			isa = PBXReferenceProxy;
			fileType = archive.ar;
			path = libswresample.a;
			remoteRef = 279AC6D72117E9DB00F5FD7C /* PBXContainerItemProxy */;
			sourceTree = BUILT_PRODUCTS_DIR;
		};
		279AC6DA2117E9DB00F5FD7C /* libavformat.a */ = {
			isa = PBXReferenceProxy;
			fileType = archive.ar;
			path = libavformat.a;
			remoteRef = 279AC6D92117E9DB00F5FD7C /* PBXContainerItemProxy */;
			sourceTree = BUILT_PRODUCTS_DIR;
		};
		279AC6DC2117E9DB00F5FD7C /* libavcodec.a */ = {
			isa = PBXReferenceProxy;
			fileType = archive.ar;
			path = libavcodec.a;
			remoteRef = 279AC6DB2117E9DB00F5FD7C /* PBXContainerItemProxy */;
			sourceTree = BUILT_PRODUCTS_DIR;
		};
		279AC6DE2117E9DB00F5FD7C /* libavdevice.a */ = {
			isa = PBXReferenceProxy;
			fileType = archive.ar;
			path = libavdevice.a;
			remoteRef = 279AC6DD2117E9DB00F5FD7C /* PBXContainerItemProxy */;
			sourceTree = BUILT_PRODUCTS_DIR;
		};
		279AC6E02117E9DB00F5FD7C /* libavfilter.a */ = {
			isa = PBXReferenceProxy;
			fileType = archive.ar;
			path = libavfilter.a;
			remoteRef = 279AC6DF2117E9DB00F5FD7C /* PBXContainerItemProxy */;
			sourceTree = BUILT_PRODUCTS_DIR;
		};
		279AC6E22117E9DB00F5FD7C /* libavresample.a */ = {
			isa = PBXReferenceProxy;
			fileType = archive.ar;
			path = libavresample.a;
			remoteRef = 279AC6E12117E9DB00F5FD7C /* PBXContainerItemProxy */;
			sourceTree = BUILT_PRODUCTS_DIR;
		};
		279AC6E42117E9DB00F5FD7C /* libavutil.a */ = {
			isa = PBXReferenceProxy;
			fileType = archive.ar;
			path = libavutil.a;
			remoteRef = 279AC6E32117E9DB00F5FD7C /* PBXContainerItemProxy */;
			sourceTree = BUILT_PRODUCTS_DIR;
		};
		279AC6E62117E9DB00F5FD7C /* libpostproc.a */ = {
			isa = PBXReferenceProxy;
			fileType = archive.ar;
			path = libpostproc.a;
			remoteRef = 279AC6E52117E9DB00F5FD7C /* PBXContainerItemProxy */;
			sourceTree = BUILT_PRODUCTS_DIR;
		};
		279AC6E82117E9DB00F5FD7C /* libswscale.a */ = {
			isa = PBXReferenceProxy;
			fileType = archive.ar;
			path = libswscale.a;
			remoteRef = 279AC6E72117E9DB00F5FD7C /* PBXContainerItemProxy */;
			sourceTree = BUILT_PRODUCTS_DIR;
		};
		279AC8812117EA6800F5FD7C /* GJImage.app */ = {
			isa = PBXReferenceProxy;
			fileType = wrapper.application;
			path = GJImage.app;
			remoteRef = 279AC8802117EA6800F5FD7C /* PBXContainerItemProxy */;
			sourceTree = BUILT_PRODUCTS_DIR;
		};
		279AC8832117EA6800F5FD7C /* libGJImageFilters.a */ = {
			isa = PBXReferenceProxy;
			fileType = archive.ar;
			path = libGJImageFilters.a;
			remoteRef = 279AC8822117EA6800F5FD7C /* PBXContainerItemProxy */;
			sourceTree = BUILT_PRODUCTS_DIR;
		};
		279AC88B2117EA7C00F5FD7C /* kcpTunDemo.app */ = {
			isa = PBXReferenceProxy;
			fileType = wrapper.application;
			path = kcpTunDemo.app;
			remoteRef = 279AC88A2117EA7C00F5FD7C /* PBXContainerItemProxy */;
			sourceTree = BUILT_PRODUCTS_DIR;
		};
		279AC88D2117EA7C00F5FD7C /* libkcptun.a */ = {
			isa = PBXReferenceProxy;
			fileType = archive.ar;
			path = libkcptun.a;
			remoteRef = 279AC88C2117EA7C00F5FD7C /* PBXContainerItemProxy */;
			sourceTree = BUILT_PRODUCTS_DIR;
		};
		279AC8972117EA9000F5FD7C /* RtmpCode.app */ = {
			isa = PBXReferenceProxy;
			fileType = wrapper.application;
			path = RtmpCode.app;
			remoteRef = 279AC8962117EA9000F5FD7C /* PBXContainerItemProxy */;
			sourceTree = BUILT_PRODUCTS_DIR;
		};
		279AC8992117EA9000F5FD7C /* librtmp.a */ = {
			isa = PBXReferenceProxy;
			fileType = archive.ar;
			path = librtmp.a;
			remoteRef = 279AC8982117EA9000F5FD7C /* PBXContainerItemProxy */;
			sourceTree = BUILT_PRODUCTS_DIR;
		};
		279AC89B2117EA9000F5FD7C /* libopenssl.a */ = {
			isa = PBXReferenceProxy;
			fileType = archive.ar;
			path = libopenssl.a;
			remoteRef = 279AC89A2117EA9000F5FD7C /* PBXContainerItemProxy */;
			sourceTree = BUILT_PRODUCTS_DIR;
		};
		279AC89D2117EA9000F5FD7C /* libcrypto.a */ = {
			isa = PBXReferenceProxy;
			fileType = archive.ar;
			path = libcrypto.a;
			remoteRef = 279AC89C2117EA9000F5FD7C /* PBXContainerItemProxy */;
			sourceTree = BUILT_PRODUCTS_DIR;
		};
		279AC89F2117EA9000F5FD7C /* RtmpServer */ = {
			isa = PBXReferenceProxy;
			fileType = "compiled.mach-o.executable";
			path = RtmpServer;
			remoteRef = 279AC89E2117EA9000F5FD7C /* PBXContainerItemProxy */;
			sourceTree = BUILT_PRODUCTS_DIR;
		};
/* End PBXReferenceProxy section */

/* Begin PBXResourcesBuildPhase section */
		279AC67D2117E86600F5FD7C /* Resources */ = {
			isa = PBXResourcesBuildPhase;
			buildActionMask = 2147483647;
			files = (
				279AC8792117EA0A00F5FD7C /* Info.plist in Resources */,
			);
			runOnlyForDeploymentPostprocessing = 0;
		};
/* End PBXResourcesBuildPhase section */

/* Begin PBXSourcesBuildPhase section */
		279AC67A2117E86600F5FD7C /* Sources */ = {
			isa = PBXSourcesBuildPhase;
			buildActionMask = 2147483647;
			files = (
				279AC7D72117EA0A00F5FD7C /* IOS_Recoder.m in Sources */,
				279AC91B2117F0B200F5FD7C /* GJMessageDispatcher.c in Sources */,
				279AC8762117EA0A00F5FD7C /* GJBridgeContext.c in Sources */,
				275299C12118328D00DD0403 /* GJLog.c in Sources */,
				279AC8C72117F0AA00F5FD7C /* GJLivePushContext.c in Sources */,
				279AC8542117EA0A00F5FD7C /* AutoLock.m in Sources */,
				279AC7CF2117EA0A00F5FD7C /* FFVideoDecoder.m in Sources */,
				279AC8452117EA0A00F5FD7C /* GJLivePull.m in Sources */,
				279AC8552117EA0A00F5FD7C /* UncaughtExceptionHandler.m in Sources */,
				279AC7D12117EA0A00F5FD7C /* IOS_PictureDisplay.m in Sources */,
				279AC7D52117EA0A00F5FD7C /* IOS_H264Decode.m in Sources */,
				279AC8B62117F0A200F5FD7C /* GJFFmpegPull.c in Sources */,
				279AC8482117EA0A00F5FD7C /* GJH264Encoder.m in Sources */,
				279AC7DD2117EA0A00F5FD7C /* IOS_VideoProduce.m in Sources */,
				279AC7D92117EA0A00F5FD7C /* FFAudioDecoder.m in Sources */,
				279AC7D02117EA0A00F5FD7C /* IOS_RAOPPlay.m in Sources */,
				279AC7DE2117EA0A00F5FD7C /* IOS_AudioDrivePlayer.m in Sources */,
				279AC86F2117EA0A00F5FD7C /* GJPCMDecodeFromAAC.m in Sources */,
				279AC8672117EA0A00F5FD7C /* AACEncoderFromPCM.m in Sources */,
				279AC8C52117F0AA00F5FD7C /* GJFFmpegPush.c in Sources */,
				279AC86B2117EA0A00F5FD7C /* GJAudioQueueDrivePlayer.m in Sources */,
				279AC9012117F0B200F5FD7C /* GJUtil.c in Sources */,
				279AC7E02117EA0A00F5FD7C /* IOS_AACEncode.m in Sources */,
				279AC8B52117F0A200F5FD7C /* GJLivePullContext.c in Sources */,
				279AC8B92117F0A200F5FD7C /* GJLivePlayer.c in Sources */,
				279AC85E2117EA0A00F5FD7C /* decoder_alac_apple.m in Sources */,
				279AC91C2117F0B200F5FD7C /* GJAudioAlignment.c in Sources */,
				279AC84C2117EA0A00F5FD7C /* GJH264Decoder.m in Sources */,
				275299C5211832EA00DD0403 /* GTime.c in Sources */,
				279AC8592117EA0A00F5FD7C /* GJAudioManager.m in Sources */,
				279AC8FD2117F0B200F5FD7C /* sps_decode.c in Sources */,
				279AC7C92117EA0900F5FD7C /* GJLiveDefine+internal.c in Sources */,
				279AC7E32117EA0A00F5FD7C /* IOS_AACDecode.m in Sources */,
				2752991A2117F72900DD0403 /* GJScreenRecorder.m in Sources */,
				279AC7CB2117EA0900F5FD7C /* IOS_AudioProduce.m in Sources */,
				279AC8732117EA0A00F5FD7C /* GJLivePush.m in Sources */,
				279AC7D42117EA0A00F5FD7C /* IOS_H264Encode.m in Sources */,
			);
			runOnlyForDeploymentPostprocessing = 0;
		};
/* End PBXSourcesBuildPhase section */

/* Begin XCBuildConfiguration section */
		279AC6852117E86600F5FD7C /* Debug */ = {
			isa = XCBuildConfiguration;
			buildSettings = {
				ALWAYS_SEARCH_USER_PATHS = NO;
				CLANG_ANALYZER_NONNULL = YES;
				CLANG_ANALYZER_NUMBER_OBJECT_CONVERSION = YES_AGGRESSIVE;
				CLANG_CXX_LANGUAGE_STANDARD = "gnu++14";
				CLANG_CXX_LIBRARY = "libc++";
				CLANG_ENABLE_MODULES = YES;
				CLANG_ENABLE_OBJC_ARC = YES;
				CLANG_ENABLE_OBJC_WEAK = YES;
				CLANG_WARN_BLOCK_CAPTURE_AUTORELEASING = YES;
				CLANG_WARN_BOOL_CONVERSION = YES;
				CLANG_WARN_COMMA = YES;
				CLANG_WARN_CONSTANT_CONVERSION = YES;
				CLANG_WARN_DEPRECATED_OBJC_IMPLEMENTATIONS = YES;
				CLANG_WARN_DIRECT_OBJC_ISA_USAGE = YES_ERROR;
				CLANG_WARN_DOCUMENTATION_COMMENTS = YES;
				CLANG_WARN_EMPTY_BODY = YES;
				CLANG_WARN_ENUM_CONVERSION = YES;
				CLANG_WARN_INFINITE_RECURSION = YES;
				CLANG_WARN_INT_CONVERSION = YES;
				CLANG_WARN_NON_LITERAL_NULL_CONVERSION = YES;
				CLANG_WARN_OBJC_IMPLICIT_RETAIN_SELF = YES;
				CLANG_WARN_OBJC_LITERAL_CONVERSION = YES;
				CLANG_WARN_OBJC_ROOT_CLASS = YES_ERROR;
				CLANG_WARN_RANGE_LOOP_ANALYSIS = YES;
				CLANG_WARN_STRICT_PROTOTYPES = YES;
				CLANG_WARN_SUSPICIOUS_MOVE = YES;
				CLANG_WARN_UNGUARDED_AVAILABILITY = YES_AGGRESSIVE;
				CLANG_WARN_UNREACHABLE_CODE = YES;
				CLANG_WARN__DUPLICATE_METHOD_MATCH = YES;
				CODE_SIGN_IDENTITY = "iPhone Developer";
				COPY_PHASE_STRIP = NO;
				CURRENT_PROJECT_VERSION = 1;
				DEBUG_INFORMATION_FORMAT = dwarf;
				ENABLE_STRICT_OBJC_MSGSEND = YES;
				ENABLE_TESTABILITY = YES;
				GCC_C_LANGUAGE_STANDARD = gnu11;
				GCC_DYNAMIC_NO_PIC = NO;
				GCC_NO_COMMON_BLOCKS = YES;
				GCC_OPTIMIZATION_LEVEL = 0;
				GCC_PREPROCESSOR_DEFINITIONS = (
					"DEBUG=1",
					"$(inherited)",
				);
				GCC_WARN_64_TO_32_BIT_CONVERSION = YES;
				GCC_WARN_ABOUT_RETURN_TYPE = YES_ERROR;
				GCC_WARN_UNDECLARED_SELECTOR = YES;
				GCC_WARN_UNINITIALIZED_AUTOS = YES_AGGRESSIVE;
				GCC_WARN_UNUSED_FUNCTION = YES;
				GCC_WARN_UNUSED_VARIABLE = YES;
				IPHONEOS_DEPLOYMENT_TARGET = 11.4;
				MTL_ENABLE_DEBUG_INFO = YES;
				ONLY_ACTIVE_ARCH = YES;
				SDKROOT = iphoneos;
				VERSIONING_SYSTEM = "apple-generic";
				VERSION_INFO_PREFIX = "";
			};
			name = Debug;
		};
		279AC6862117E86600F5FD7C /* Release */ = {
			isa = XCBuildConfiguration;
			buildSettings = {
				ALWAYS_SEARCH_USER_PATHS = NO;
				CLANG_ANALYZER_NONNULL = YES;
				CLANG_ANALYZER_NUMBER_OBJECT_CONVERSION = YES_AGGRESSIVE;
				CLANG_CXX_LANGUAGE_STANDARD = "gnu++14";
				CLANG_CXX_LIBRARY = "libc++";
				CLANG_ENABLE_MODULES = YES;
				CLANG_ENABLE_OBJC_ARC = YES;
				CLANG_ENABLE_OBJC_WEAK = YES;
				CLANG_WARN_BLOCK_CAPTURE_AUTORELEASING = YES;
				CLANG_WARN_BOOL_CONVERSION = YES;
				CLANG_WARN_COMMA = YES;
				CLANG_WARN_CONSTANT_CONVERSION = YES;
				CLANG_WARN_DEPRECATED_OBJC_IMPLEMENTATIONS = YES;
				CLANG_WARN_DIRECT_OBJC_ISA_USAGE = YES_ERROR;
				CLANG_WARN_DOCUMENTATION_COMMENTS = YES;
				CLANG_WARN_EMPTY_BODY = YES;
				CLANG_WARN_ENUM_CONVERSION = YES;
				CLANG_WARN_INFINITE_RECURSION = YES;
				CLANG_WARN_INT_CONVERSION = YES;
				CLANG_WARN_NON_LITERAL_NULL_CONVERSION = YES;
				CLANG_WARN_OBJC_IMPLICIT_RETAIN_SELF = YES;
				CLANG_WARN_OBJC_LITERAL_CONVERSION = YES;
				CLANG_WARN_OBJC_ROOT_CLASS = YES_ERROR;
				CLANG_WARN_RANGE_LOOP_ANALYSIS = YES;
				CLANG_WARN_STRICT_PROTOTYPES = YES;
				CLANG_WARN_SUSPICIOUS_MOVE = YES;
				CLANG_WARN_UNGUARDED_AVAILABILITY = YES_AGGRESSIVE;
				CLANG_WARN_UNREACHABLE_CODE = YES;
				CLANG_WARN__DUPLICATE_METHOD_MATCH = YES;
				CODE_SIGN_IDENTITY = "iPhone Developer";
				COPY_PHASE_STRIP = NO;
				CURRENT_PROJECT_VERSION = 1;
				DEBUG_INFORMATION_FORMAT = "dwarf-with-dsym";
				ENABLE_NS_ASSERTIONS = NO;
				ENABLE_STRICT_OBJC_MSGSEND = YES;
				GCC_C_LANGUAGE_STANDARD = gnu11;
				GCC_NO_COMMON_BLOCKS = YES;
				GCC_WARN_64_TO_32_BIT_CONVERSION = YES;
				GCC_WARN_ABOUT_RETURN_TYPE = YES_ERROR;
				GCC_WARN_UNDECLARED_SELECTOR = YES;
				GCC_WARN_UNINITIALIZED_AUTOS = YES_AGGRESSIVE;
				GCC_WARN_UNUSED_FUNCTION = YES;
				GCC_WARN_UNUSED_VARIABLE = YES;
				IPHONEOS_DEPLOYMENT_TARGET = 11.4;
				MTL_ENABLE_DEBUG_INFO = NO;
				SDKROOT = iphoneos;
				VALIDATE_PRODUCT = YES;
				VERSIONING_SYSTEM = "apple-generic";
				VERSION_INFO_PREFIX = "";
			};
			name = Release;
		};
		279AC6882117E86600F5FD7C /* Debug */ = {
			isa = XCBuildConfiguration;
			buildSettings = {
				CLANG_WARN_DOCUMENTATION_COMMENTS = NO;
				CODE_SIGN_IDENTITY = "";
				CODE_SIGN_STYLE = Automatic;
				DEFINES_MODULE = YES;
				DEVELOPMENT_TEAM = K7MDP8Y272;
				DYLIB_COMPATIBILITY_VERSION = 1;
				DYLIB_CURRENT_VERSION = 1;
				DYLIB_INSTALL_NAME_BASE = "@rpath";
				ENABLE_BITCODE = NO;
				HEADER_SEARCH_PATHS = (
					"\"$(SRCROOT)/libairfloat/libairfloat\"",
					"\"$(SRCROOT)/ijk_FFmpeg/ffmpegCode/ffmpegCode/ffmpeg\"",
				);
				INFOPLIST_FILE = GJLiveEngine/Info.plist;
				INSTALL_PATH = "$(LOCAL_LIBRARY_DIR)/Frameworks";
				IPHONEOS_DEPLOYMENT_TARGET = 8.0;
				LD_RUNPATH_SEARCH_PATHS = (
					"$(inherited)",
					"@executable_path/Frameworks",
					"@loader_path/Frameworks",
				);
				MACH_O_TYPE = staticlib;
				PRODUCT_BUNDLE_IDENTIFIER = GJ.GJLiveEngine;
				PRODUCT_NAME = "$(TARGET_NAME:c99extidentifier)";
				SKIP_INSTALL = YES;
				TARGETED_DEVICE_FAMILY = "1,2";
				USER_HEADER_SEARCH_PATHS = (
					"\"$(SRCROOT)/../../GJImage/GJImageFilters\"",
					"\"$(SRCROOT)/../../GJImage/GPUImage-master/framework/Source\"",
					"\"$(SRCROOT)/../../GJImage/GPUImage-master/framework/Source/iOS\"",
					"\"$(SRCROOT)/../../GJImage/GJImageFilters/ARCSoft/include/arcsoft\"",
					"\"$(SRCROOT)/TheAmazingAudioEngine/TheAmazingAudioEngine\"",
					"\"$(SRCROOT)/TheAmazingAudioEngine/Modules\"",
					"\"$(SRCROOT)/TheAmazingAudioEngine/Modules/TPCircularBuffer\"",
					"\"$(SRCROOT)/TheAmazingAudioEngine/Modules/Filters\"",
					"\"$(SRCROOT)/../../GJQueue/Class\"",
				);
			};
			name = Debug;
		};
		279AC6892117E86600F5FD7C /* Release */ = {
			isa = XCBuildConfiguration;
			buildSettings = {
				CLANG_WARN_DOCUMENTATION_COMMENTS = NO;
				CODE_SIGN_IDENTITY = "";
				CODE_SIGN_STYLE = Automatic;
				DEFINES_MODULE = YES;
				DEVELOPMENT_TEAM = K7MDP8Y272;
				DYLIB_COMPATIBILITY_VERSION = 1;
				DYLIB_CURRENT_VERSION = 1;
				DYLIB_INSTALL_NAME_BASE = "@rpath";
				ENABLE_BITCODE = NO;
				HEADER_SEARCH_PATHS = (
					"\"$(SRCROOT)/libairfloat/libairfloat\"",
					"\"$(SRCROOT)/ijk_FFmpeg/ffmpegCode/ffmpegCode/ffmpeg\"",
				);
				INFOPLIST_FILE = GJLiveEngine/Info.plist;
				INSTALL_PATH = "$(LOCAL_LIBRARY_DIR)/Frameworks";
				IPHONEOS_DEPLOYMENT_TARGET = 8.0;
				LD_RUNPATH_SEARCH_PATHS = (
					"$(inherited)",
					"@executable_path/Frameworks",
					"@loader_path/Frameworks",
				);
				MACH_O_TYPE = staticlib;
				ONLY_ACTIVE_ARCH = YES;
				PRODUCT_BUNDLE_IDENTIFIER = GJ.GJLiveEngine;
				PRODUCT_NAME = "$(TARGET_NAME:c99extidentifier)";
				SKIP_INSTALL = YES;
				TARGETED_DEVICE_FAMILY = "1,2";
				USER_HEADER_SEARCH_PATHS = (
					"\"$(SRCROOT)/../../GJImage/GJImageFilters\"",
					"\"$(SRCROOT)/../../GJImage/GPUImage-master/framework/Source\"",
					"\"$(SRCROOT)/../../GJImage/GPUImage-master/framework/Source/iOS\"",
					"\"$(SRCROOT)/../../GJImage/GJImageFilters/ARCSoft/include/arcsoft\"",
					"\"$(SRCROOT)/TheAmazingAudioEngine/TheAmazingAudioEngine\"",
					"\"$(SRCROOT)/TheAmazingAudioEngine/Modules\"",
					"\"$(SRCROOT)/TheAmazingAudioEngine/Modules/TPCircularBuffer\"",
					"\"$(SRCROOT)/TheAmazingAudioEngine/Modules/Filters\"",
					"\"$(SRCROOT)/../../GJQueue/Class\"",
				);
			};
			name = Release;
		};
/* End XCBuildConfiguration section */

/* Begin XCConfigurationList section */
		279AC6792117E86600F5FD7C /* Build configuration list for PBXProject "GJLiveEngine" */ = {
			isa = XCConfigurationList;
			buildConfigurations = (
				279AC6852117E86600F5FD7C /* Debug */,
				279AC6862117E86600F5FD7C /* Release */,
			);
			defaultConfigurationIsVisible = 0;
			defaultConfigurationName = Release;
		};
		279AC6872117E86600F5FD7C /* Build configuration list for PBXNativeTarget "GJLiveEngine" */ = {
			isa = XCConfigurationList;
			buildConfigurations = (
				279AC6882117E86600F5FD7C /* Debug */,
				279AC6892117E86600F5FD7C /* Release */,
			);
			defaultConfigurationIsVisible = 0;
			defaultConfigurationName = Release;
		};
/* End XCConfigurationList section */
	};
	rootObject = 279AC6762117E86600F5FD7C /* Project object */;
}
